// !$*UTF8*$!
{
	archiveVersion = 1;
	classes = {
	};
	objectVersion = 46;
	objects = {

/* Begin PBXBuildFile section */
		AA1FCC961D66B4B900B78117 /* MAHeaderView.m in Sources */ = {isa = PBXBuildFile; fileRef = AA1FCC951D66B4B900B78117 /* MAHeaderView.m */; };
		AA1FCC9A1D66B83500B78117 /* download@3x.png in Resources */ = {isa = PBXBuildFile; fileRef = AA1FCC971D66B83500B78117 /* download@3x.png */; };
		AA1FCC9B1D66B83500B78117 /* delete@3x.png in Resources */ = {isa = PBXBuildFile; fileRef = AA1FCC981D66B83500B78117 /* delete@3x.png */; };
		AA1FCC9C1D66B83500B78117 /* pause@3x.png in Resources */ = {isa = PBXBuildFile; fileRef = AA1FCC991D66B83500B78117 /* pause@3x.png */; };
		AA20C07B1D640307009D3A45 /* TableViewController2.swift in Sources */ = {isa = PBXBuildFile; fileRef = AA20C07A1D640307009D3A45 /* TableViewController2.swift */; };
		AA20C07E1D640C10009D3A45 /* T_DrugName.db in Resources */ = {isa = PBXBuildFile; fileRef = AA20C07D1D640C10009D3A45 /* T_DrugName.db */; };
		AA20C0A01D646870009D3A45 /* Icon.png in Resources */ = {isa = PBXBuildFile; fileRef = AA20C09D1D646870009D3A45 /* Icon.png */; };
		AA20C0A11D646870009D3A45 /* Icon@2x.png in Resources */ = {isa = PBXBuildFile; fileRef = AA20C09E1D646870009D3A45 /* Icon@2x.png */; };
		AA20C0A21D646870009D3A45 /* Icon120.png in Resources */ = {isa = PBXBuildFile; fileRef = AA20C09F1D646870009D3A45 /* Icon120.png */; };
		AA29BE361E1CD7CA00AEBEC2 /* Extension_UIViewController.swift in Sources */ = {isa = PBXBuildFile; fileRef = AA29BE351E1CD7CA00AEBEC2 /* Extension_UIViewController.swift */; };
		AA2A104F1E16491300C549FA /* Extension_NSArray.swift in Sources */ = {isa = PBXBuildFile; fileRef = AA2A10351E16491300C549FA /* Extension_NSArray.swift */; };
		AA2A10501E16491300C549FA /* Extension_NSBundle.swift in Sources */ = {isa = PBXBuildFile; fileRef = AA2A10361E16491300C549FA /* Extension_NSBundle.swift */; };
		AA2A10511E16491300C549FA /* Extension_NSData.swift in Sources */ = {isa = PBXBuildFile; fileRef = AA2A10371E16491300C549FA /* Extension_NSData.swift */; };
		AA2A10521E16491300C549FA /* Extension_NSDate.swift in Sources */ = {isa = PBXBuildFile; fileRef = AA2A10381E16491300C549FA /* Extension_NSDate.swift */; };
		AA2A10531E16491300C549FA /* Extension_NSDictionary.swift in Sources */ = {isa = PBXBuildFile; fileRef = AA2A10391E16491300C549FA /* Extension_NSDictionary.swift */; };
		AA2A10541E16491300C549FA /* Extension_NSKeyedUnarchiver.swift in Sources */ = {isa = PBXBuildFile; fileRef = AA2A103A1E16491300C549FA /* Extension_NSKeyedUnarchiver.swift */; };
		AA2A10551E16491300C549FA /* Extension_NSNotificationCenter.swift in Sources */ = {isa = PBXBuildFile; fileRef = AA2A103B1E16491300C549FA /* Extension_NSNotificationCenter.swift */; };
		AA2A10561E16491300C549FA /* Extension_NSNumber.swift in Sources */ = {isa = PBXBuildFile; fileRef = AA2A103C1E16491300C549FA /* Extension_NSNumber.swift */; };
		AA2A10571E16491300C549FA /* Extension_NSObject.swift in Sources */ = {isa = PBXBuildFile; fileRef = AA2A103D1E16491300C549FA /* Extension_NSObject.swift */; };
		AA2A10581E16491300C549FA /* Extension_NSThread.swift in Sources */ = {isa = PBXBuildFile; fileRef = AA2A103E1E16491300C549FA /* Extension_NSThread.swift */; };
		AA2A10591E16491300C549FA /* Extension_NSTimer.swift in Sources */ = {isa = PBXBuildFile; fileRef = AA2A103F1E16491300C549FA /* Extension_NSTimer.swift */; };
		AA2A105A1E16491300C549FA /* Extension_String.swift in Sources */ = {isa = PBXBuildFile; fileRef = AA2A10401E16491300C549FA /* Extension_String.swift */; };
		AA2A105B1E16491300C549FA /* Extension_UIApplication.swift in Sources */ = {isa = PBXBuildFile; fileRef = AA2A10421E16491300C549FA /* Extension_UIApplication.swift */; };
		AA2A105C1E16491300C549FA /* Extension_UIBarButtonItem.swift in Sources */ = {isa = PBXBuildFile; fileRef = AA2A10431E16491300C549FA /* Extension_UIBarButtonItem.swift */; };
		AA2A105D1E16491300C549FA /* Extension_UIBezierPath.swift in Sources */ = {isa = PBXBuildFile; fileRef = AA2A10441E16491300C549FA /* Extension_UIBezierPath.swift */; };
		AA2A105E1E16491300C549FA /* Extension_UIColor.swift in Sources */ = {isa = PBXBuildFile; fileRef = AA2A10451E16491300C549FA /* Extension_UIColor.swift */; };
		AA2A105F1E16491300C549FA /* Extension_UIControl.swift in Sources */ = {isa = PBXBuildFile; fileRef = AA2A10461E16491300C549FA /* Extension_UIControl.swift */; };
		AA2A10601E16491300C549FA /* Extension_UIDevice.swift in Sources */ = {isa = PBXBuildFile; fileRef = AA2A10471E16491300C549FA /* Extension_UIDevice.swift */; };
		AA2A10611E16491300C549FA /* Extension_UIFont.swift in Sources */ = {isa = PBXBuildFile; fileRef = AA2A10481E16491300C549FA /* Extension_UIFont.swift */; };
		AA2A10621E16491300C549FA /* Extension_UIImage.swift in Sources */ = {isa = PBXBuildFile; fileRef = AA2A10491E16491300C549FA /* Extension_UIImage.swift */; };
		AA2A10631E16491300C549FA /* Extension_UIImageView.swift in Sources */ = {isa = PBXBuildFile; fileRef = AA2A104A1E16491300C549FA /* Extension_UIImageView.swift */; };
		AA2A10641E16491300C549FA /* Extension_UIScreen.swift in Sources */ = {isa = PBXBuildFile; fileRef = AA2A104B1E16491300C549FA /* Extension_UIScreen.swift */; };
		AA2A10651E16491300C549FA /* Extension_UIScrollView.swift in Sources */ = {isa = PBXBuildFile; fileRef = AA2A104C1E16491300C549FA /* Extension_UIScrollView.swift */; };
		AA2A10661E16491300C549FA /* Extension_UITableView.swift in Sources */ = {isa = PBXBuildFile; fileRef = AA2A104D1E16491300C549FA /* Extension_UITableView.swift */; };
		AA2A10671E16491300C549FA /* Extension_UIView.swift in Sources */ = {isa = PBXBuildFile; fileRef = AA2A104E1E16491300C549FA /* Extension_UIView.swift */; };
		AA6F33091D5DBBA2002CDAB1 /* 00.jpg in Resources */ = {isa = PBXBuildFile; fileRef = AA6F32EA1D5DBBA2002CDAB1 /* 00.jpg */; };
		AA6F330A1D5DBBA2002CDAB1 /* 01.jpg in Resources */ = {isa = PBXBuildFile; fileRef = AA6F32EB1D5DBBA2002CDAB1 /* 01.jpg */; };
		AA6F330B1D5DBBA2002CDAB1 /* 02.jpg in Resources */ = {isa = PBXBuildFile; fileRef = AA6F32EC1D5DBBA2002CDAB1 /* 02.jpg */; };
		AA6F330C1D5DBBA2002CDAB1 /* 03.jpg in Resources */ = {isa = PBXBuildFile; fileRef = AA6F32ED1D5DBBA2002CDAB1 /* 03.jpg */; };
		AA6F330D1D5DBBA2002CDAB1 /* 04.jpg in Resources */ = {isa = PBXBuildFile; fileRef = AA6F32EE1D5DBBA2002CDAB1 /* 04.jpg */; };
		AA6F330E1D5DBBA2002CDAB1 /* 05.jpg in Resources */ = {isa = PBXBuildFile; fileRef = AA6F32EF1D5DBBA2002CDAB1 /* 05.jpg */; };
		AA6F330F1D5DBBA2002CDAB1 /* 06.jpg in Resources */ = {isa = PBXBuildFile; fileRef = AA6F32F01D5DBBA2002CDAB1 /* 06.jpg */; };
		AA6F33101D5DBBA2002CDAB1 /* 07.jpg in Resources */ = {isa = PBXBuildFile; fileRef = AA6F32F11D5DBBA2002CDAB1 /* 07.jpg */; };
		AA6F33111D5DBBA2002CDAB1 /* 08.jpg in Resources */ = {isa = PBXBuildFile; fileRef = AA6F32F21D5DBBA2002CDAB1 /* 08.jpg */; };
		AA6F33121D5DBBA2002CDAB1 /* 09.jpg in Resources */ = {isa = PBXBuildFile; fileRef = AA6F32F31D5DBBA2002CDAB1 /* 09.jpg */; };
		AA6F33131D5DBBA2002CDAB1 /* 10.jpg in Resources */ = {isa = PBXBuildFile; fileRef = AA6F32F41D5DBBA2002CDAB1 /* 10.jpg */; };
		AA6F33141D5DBBA2002CDAB1 /* 11.jpg in Resources */ = {isa = PBXBuildFile; fileRef = AA6F32F51D5DBBA2002CDAB1 /* 11.jpg */; };
		AA6F33151D5DBBA2002CDAB1 /* 12.jpg in Resources */ = {isa = PBXBuildFile; fileRef = AA6F32F61D5DBBA2002CDAB1 /* 12.jpg */; };
		AA6F33161D5DBBA2002CDAB1 /* 13.jpg in Resources */ = {isa = PBXBuildFile; fileRef = AA6F32F71D5DBBA2002CDAB1 /* 13.jpg */; };
		AA6F33171D5DBBA2002CDAB1 /* 14.jpg in Resources */ = {isa = PBXBuildFile; fileRef = AA6F32F81D5DBBA2002CDAB1 /* 14.jpg */; };
		AA6F33181D5DBBA2002CDAB1 /* 15.jpg in Resources */ = {isa = PBXBuildFile; fileRef = AA6F32F91D5DBBA2002CDAB1 /* 15.jpg */; };
		AA6F33191D5DBBA2002CDAB1 /* 16.jpg in Resources */ = {isa = PBXBuildFile; fileRef = AA6F32FA1D5DBBA2002CDAB1 /* 16.jpg */; };
		AA6F331A1D5DBBA2002CDAB1 /* 17.jpg in Resources */ = {isa = PBXBuildFile; fileRef = AA6F32FB1D5DBBA2002CDAB1 /* 17.jpg */; };
		AA6F331B1D5DBBA2002CDAB1 /* 18.jpg in Resources */ = {isa = PBXBuildFile; fileRef = AA6F32FC1D5DBBA2002CDAB1 /* 18.jpg */; };
		AA6F331C1D5DBBA2002CDAB1 /* 19.jpg in Resources */ = {isa = PBXBuildFile; fileRef = AA6F32FD1D5DBBA2002CDAB1 /* 19.jpg */; };
		AA6F331D1D5DBBA2002CDAB1 /* 20.jpg in Resources */ = {isa = PBXBuildFile; fileRef = AA6F32FE1D5DBBA2002CDAB1 /* 20.jpg */; };
		AA6F331E1D5DBBA2002CDAB1 /* 21.jpg in Resources */ = {isa = PBXBuildFile; fileRef = AA6F32FF1D5DBBA2002CDAB1 /* 21.jpg */; };
		AA6F331F1D5DBBA2002CDAB1 /* 22.jpg in Resources */ = {isa = PBXBuildFile; fileRef = AA6F33001D5DBBA2002CDAB1 /* 22.jpg */; };
		AA6F33201D5DBBA2002CDAB1 /* 23.jpg in Resources */ = {isa = PBXBuildFile; fileRef = AA6F33011D5DBBA2002CDAB1 /* 23.jpg */; };
		AA6FFD771D6585B2009AD328 /* MapViewController.swift in Sources */ = {isa = PBXBuildFile; fileRef = AA6FFD761D6585B2009AD328 /* MapViewController.swift */; };
		AA6FFD7C1D658847009AD328 /* MapViewController1.swift in Sources */ = {isa = PBXBuildFile; fileRef = AA6FFD7B1D658847009AD328 /* MapViewController1.swift */; };
		AA6FFDFB1D65A9B2009AD328 /* aeroplane@2x.png in Resources */ = {isa = PBXBuildFile; fileRef = AA6FFDEE1D65A9B2009AD328 /* aeroplane@2x.png */; };
		AA6FFDFC1D65A9B2009AD328 /* DisplayViewController.swift in Sources */ = {isa = PBXBuildFile; fileRef = AA6FFDEF1D65A9B2009AD328 /* DisplayViewController.swift */; };
		AA6FFDFD1D65A9B2009AD328 /* FileHelper.swift in Sources */ = {isa = PBXBuildFile; fileRef = AA6FFDF01D65A9B2009AD328 /* FileHelper.swift */; };
		AA6FFDFE1D65A9B2009AD328 /* icon_list@2x.png in Resources */ = {isa = PBXBuildFile; fileRef = AA6FFDF11D65A9B2009AD328 /* icon_list@2x.png */; };
		AA6FFDFF1D65A9B2009AD328 /* icon_play@2x.png in Resources */ = {isa = PBXBuildFile; fileRef = AA6FFDF21D65A9B2009AD328 /* icon_play@2x.png */; };
		AA6FFE001D65A9B2009AD328 /* icon_stop@2x.png in Resources */ = {isa = PBXBuildFile; fileRef = AA6FFDF31D65A9B2009AD328 /* icon_stop@2x.png */; };
		AA6FFE011D65A9B2009AD328 /* location_no@2x.png in Resources */ = {isa = PBXBuildFile; fileRef = AA6FFDF41D65A9B2009AD328 /* location_no@2x.png */; };
		AA6FFE021D65A9B2009AD328 /* location_yes@2x.png in Resources */ = {isa = PBXBuildFile; fileRef = AA6FFDF51D65A9B2009AD328 /* location_yes@2x.png */; };
		AA6FFE031D65A9B2009AD328 /* MainViewController.swift in Sources */ = {isa = PBXBuildFile; fileRef = AA6FFDF61D65A9B2009AD328 /* MainViewController.swift */; };
		AA6FFE041D65A9B2009AD328 /* RecordViewController.swift in Sources */ = {isa = PBXBuildFile; fileRef = AA6FFDF71D65A9B2009AD328 /* RecordViewController.swift */; };
		AA6FFE051D65A9B2009AD328 /* Route.swift in Sources */ = {isa = PBXBuildFile; fileRef = AA6FFDF81D65A9B2009AD328 /* Route.swift */; };
		AA6FFE061D65A9B2009AD328 /* StatusView.swift in Sources */ = {isa = PBXBuildFile; fileRef = AA6FFDF91D65A9B2009AD328 /* StatusView.swift */; };
		AA6FFE071D65A9B2009AD328 /* TipView.swift in Sources */ = {isa = PBXBuildFile; fileRef = AA6FFDFA1D65A9B2009AD328 /* TipView.swift */; };
		AA6FFE0B1D65BD9A009AD328 /* OfflineDetailViewController.m in Sources */ = {isa = PBXBuildFile; fileRef = AA6FFE0A1D65BD9A009AD328 /* OfflineDetailViewController.m */; };
		AA99DFEB1E163E1500F61A79 /* ADViewController.swift in Sources */ = {isa = PBXBuildFile; fileRef = AA99DFD71E163E1500F61A79 /* ADViewController.swift */; };
		AA99DFEC1E163E1500F61A79 /* AssetWriterCoordinator.swift in Sources */ = {isa = PBXBuildFile; fileRef = AA99DFD91E163E1500F61A79 /* AssetWriterCoordinator.swift */; };
		AA99DFED1E163E1500F61A79 /* CaptureManager.swift in Sources */ = {isa = PBXBuildFile; fileRef = AA99DFDA1E163E1500F61A79 /* CaptureManager.swift */; };
		AA99DFEE1E163E1500F61A79 /* CaptureSessionAssetWriterCoordinator.swift in Sources */ = {isa = PBXBuildFile; fileRef = AA99DFDB1E163E1500F61A79 /* CaptureSessionAssetWriterCoordinator.swift */; };
		AA99DFEF1E163E1500F61A79 /* CaptureSessionCoordinator.swift in Sources */ = {isa = PBXBuildFile; fileRef = AA99DFDC1E163E1500F61A79 /* CaptureSessionCoordinator.swift */; };
		AA99DFF01E163E1500F61A79 /* CaptureSessionMovieFileOutputCoordinator.swift in Sources */ = {isa = PBXBuildFile; fileRef = AA99DFDD1E163E1500F61A79 /* CaptureSessionMovieFileOutputCoordinator.swift */; };
		AA99DFF11E163E1500F61A79 /* CaptureView.swift in Sources */ = {isa = PBXBuildFile; fileRef = AA99DFDE1E163E1500F61A79 /* CaptureView.swift */; };
		AA99DFF31E163E1500F61A79 /* MainView.swift in Sources */ = {isa = PBXBuildFile; fileRef = AA99DFE01E163E1500F61A79 /* MainView.swift */; };
		AA99DFF41E163E1500F61A79 /* TachographMainViewController.swift in Sources */ = {isa = PBXBuildFile; fileRef = AA99DFE11E163E1500F61A79 /* TachographMainViewController.swift */; };
		AA99DFF51E163E1500F61A79 /* MapView.swift in Sources */ = {isa = PBXBuildFile; fileRef = AA99DFE21E163E1500F61A79 /* MapView.swift */; };
		AA99DFF61E163E1500F61A79 /* MovieListController.swift in Sources */ = {isa = PBXBuildFile; fileRef = AA99DFE41E163E1500F61A79 /* MovieListController.swift */; };
		AA99DFF71E163E1500F61A79 /* MoviePlayerController.swift in Sources */ = {isa = PBXBuildFile; fileRef = AA99DFE51E163E1500F61A79 /* MoviePlayerController.swift */; };
		AA99DFF81E163E1500F61A79 /* MusicListViewController.swift in Sources */ = {isa = PBXBuildFile; fileRef = AA99DFE71E163E1500F61A79 /* MusicListViewController.swift */; };
		AA99DFF91E163E1500F61A79 /* MusicPlayViewController.swift in Sources */ = {isa = PBXBuildFile; fileRef = AA99DFE81E163E1500F61A79 /* MusicPlayViewController.swift */; };
		AA99DFFA1E163E1500F61A79 /* TaSong.swift in Sources */ = {isa = PBXBuildFile; fileRef = AA99DFE91E163E1500F61A79 /* TaSong.swift */; };
		AA99DFFB1E163E1500F61A79 /* TabbarView.swift in Sources */ = {isa = PBXBuildFile; fileRef = AA99DFEA1E163E1500F61A79 /* TabbarView.swift */; };
		AA99E0321E163E5A00F61A79 /* Resources.bundle in Resources */ = {isa = PBXBuildFile; fileRef = AA99E0311E163E5A00F61A79 /* Resources.bundle */; };
		AA99E0461E16411100F61A79 /* AppColorConfigure.swift in Sources */ = {isa = PBXBuildFile; fileRef = AA99E0341E16411100F61A79 /* AppColorConfigure.swift */; };
		AA99E0471E16411100F61A79 /* AppCommon.swift in Sources */ = {isa = PBXBuildFile; fileRef = AA99E0351E16411100F61A79 /* AppCommon.swift */; };
		AA99E0481E16411100F61A79 /* AppConfigure.swift in Sources */ = {isa = PBXBuildFile; fileRef = AA99E0361E16411100F61A79 /* AppConfigure.swift */; };
		AA99E0491E16411100F61A79 /* AppExtension.swift in Sources */ = {isa = PBXBuildFile; fileRef = AA99E0371E16411100F61A79 /* AppExtension.swift */; };
		AA99E04A1E16411100F61A79 /* AppLog.swift in Sources */ = {isa = PBXBuildFile; fileRef = AA99E0381E16411100F61A79 /* AppLog.swift */; };
		AA99E04B1E16411100F61A79 /* FileManager.swift in Sources */ = {isa = PBXBuildFile; fileRef = AA99E0391E16411100F61A79 /* FileManager.swift */; };
		AA99E04C1E16411100F61A79 /* GHConst.m in Sources */ = {isa = PBXBuildFile; fileRef = AA99E03B1E16411100F61A79 /* GHConst.m */; };
		AA99E04D1E16411100F61A79 /* Network.swift in Sources */ = {isa = PBXBuildFile; fileRef = AA99E03C1E16411100F61A79 /* Network.swift */; };
		AA99E04E1E16411100F61A79 /* NSArray+Log.m in Sources */ = {isa = PBXBuildFile; fileRef = AA99E03E1E16411100F61A79 /* NSArray+Log.m */; };
		AA99E04F1E16411100F61A79 /* NSData+SDDataCache.m in Sources */ = {isa = PBXBuildFile; fileRef = AA99E0401E16411100F61A79 /* NSData+SDDataCache.m */; };
		AA99E0501E16411100F61A79 /* NSDictionary+NullSafe.m in Sources */ = {isa = PBXBuildFile; fileRef = AA99E0421E16411100F61A79 /* NSDictionary+NullSafe.m */; };
		AA99E0511E16411100F61A79 /* String+Hash.swift in Sources */ = {isa = PBXBuildFile; fileRef = AA99E0431E16411100F61A79 /* String+Hash.swift */; };
		AA99E0521E16411100F61A79 /* UIImage+BundleImage.m in Sources */ = {isa = PBXBuildFile; fileRef = AA99E0451E16411100F61A79 /* UIImage+BundleImage.m */; };
		AAD3F48C1D61BD170053F641 /* BaseViewController.swift in Sources */ = {isa = PBXBuildFile; fileRef = AAD3F48B1D61BD170053F641 /* BaseViewController.swift */; };
		AAD406F01D5C6EFA009D18D5 /* AppDelegate.swift in Sources */ = {isa = PBXBuildFile; fileRef = AAD406EF1D5C6EFA009D18D5 /* AppDelegate.swift */; };
		AAD406F21D5C6EFA009D18D5 /* ViewController.swift in Sources */ = {isa = PBXBuildFile; fileRef = AAD406F11D5C6EFA009D18D5 /* ViewController.swift */; };
		AAD406F51D5C6EFA009D18D5 /* Main.storyboard in Resources */ = {isa = PBXBuildFile; fileRef = AAD406F31D5C6EFA009D18D5 /* Main.storyboard */; };
		AAD406F71D5C6EFA009D18D5 /* Assets.xcassets in Resources */ = {isa = PBXBuildFile; fileRef = AAD406F61D5C6EFA009D18D5 /* Assets.xcassets */; };
		AAD406FA1D5C6EFA009D18D5 /* LaunchScreen.storyboard in Resources */ = {isa = PBXBuildFile; fileRef = AAD406F81D5C6EFA009D18D5 /* LaunchScreen.storyboard */; };
		AADD70851D62B1350081D986 /* dataBase0.jpg in Resources */ = {isa = PBXBuildFile; fileRef = AADD70831D62B1350081D986 /* dataBase0.jpg */; };
		AADD70861D62B1350081D986 /* dataBase1.jpg in Resources */ = {isa = PBXBuildFile; fileRef = AADD70841D62B1350081D986 /* dataBase1.jpg */; };
		AADD709D1D62B6770081D986 /* FMDatabase.m in Sources */ = {isa = PBXBuildFile; fileRef = AADD70901D62B6770081D986 /* FMDatabase.m */; };
		AADD709E1D62B6770081D986 /* FMDatabaseAdditions.m in Sources */ = {isa = PBXBuildFile; fileRef = AADD70921D62B6770081D986 /* FMDatabaseAdditions.m */; };
		AADD709F1D62B6770081D986 /* FMDatabasePool.m in Sources */ = {isa = PBXBuildFile; fileRef = AADD70941D62B6770081D986 /* FMDatabasePool.m */; };
		AADD70A01D62B6770081D986 /* FMDatabaseQueue.m in Sources */ = {isa = PBXBuildFile; fileRef = AADD70961D62B6770081D986 /* FMDatabaseQueue.m */; };
		AADD70A11D62B6770081D986 /* FMResultSet.m in Sources */ = {isa = PBXBuildFile; fileRef = AADD70991D62B6770081D986 /* FMResultSet.m */; };
		AADD70A21D62B6770081D986 /* MJNIndexView.m in Sources */ = {isa = PBXBuildFile; fileRef = AADD709C1D62B6770081D986 /* MJNIndexView.m */; settings = {COMPILER_FLAGS = "-w"; }; };
		AADD70A41D62B7430081D986 /* libsqlite3.0.tbd in Frameworks */ = {isa = PBXBuildFile; fileRef = AADD70A31D62B7430081D986 /* libsqlite3.0.tbd */; };
		AADD70AA1D62B8100081D986 /* DataBase.m in Sources */ = {isa = PBXBuildFile; fileRef = AADD70A71D62B8100081D986 /* DataBase.m */; };
		AADD70AB1D62B8100081D986 /* DrugSearchModel.m in Sources */ = {isa = PBXBuildFile; fileRef = AADD70A91D62B8100081D986 /* DrugSearchModel.m */; };
		AADD70BC1D62BC010081D986 /* CustomViewController.swift in Sources */ = {isa = PBXBuildFile; fileRef = AADD70AF1D62BC010081D986 /* CustomViewController.swift */; };
		AADD70BD1D62BC010081D986 /* CollectionViewController.swift in Sources */ = {isa = PBXBuildFile; fileRef = AADD70B31D62BC010081D986 /* CollectionViewController.swift */; };
		AADD70BE1D62BC010081D986 /* CustomTabBarController.swift in Sources */ = {isa = PBXBuildFile; fileRef = AADD70B51D62BC010081D986 /* CustomTabBarController.swift */; };
		AADD70BF1D62BC010081D986 /* NavigationController.swift in Sources */ = {isa = PBXBuildFile; fileRef = AADD70B71D62BC010081D986 /* NavigationController.swift */; };
		AADD70C01D62BC010081D986 /* TabBarController.swift in Sources */ = {isa = PBXBuildFile; fileRef = AADD70B91D62BC010081D986 /* TabBarController.swift */; };
		AADD70C11D62BC010081D986 /* TableViewController.swift in Sources */ = {isa = PBXBuildFile; fileRef = AADD70BB1D62BC010081D986 /* TableViewController.swift */; };
		AADD70C31D62BC930081D986 /* CollectionView1.swift in Sources */ = {isa = PBXBuildFile; fileRef = AADD70C21D62BC930081D986 /* CollectionView1.swift */; };
		AADD70C51D62BFF60081D986 /* TableViewController1.swift in Sources */ = {isa = PBXBuildFile; fileRef = AADD70C41D62BFF60081D986 /* TableViewController1.swift */; };
		C275F52C023BB74D1A4B3258 /* Pods_Housing.framework in Frameworks */ = {isa = PBXBuildFile; fileRef = 41E2D075F2FEC6E3C65E086F /* Pods_Housing.framework */; };
/* End PBXBuildFile section */

/* Begin PBXFileReference section */
		41E2D075F2FEC6E3C65E086F /* Pods_Housing.framework */ = {isa = PBXFileReference; explicitFileType = wrapper.framework; includeInIndex = 0; path = Pods_Housing.framework; sourceTree = BUILT_PRODUCTS_DIR; };
		79E68A5429B31F61C8DF525B /* Pods-Housing.debug.xcconfig */ = {isa = PBXFileReference; includeInIndex = 1; lastKnownFileType = text.xcconfig; name = "Pods-Housing.debug.xcconfig"; path = "Pods/Target Support Files/Pods-Housing/Pods-Housing.debug.xcconfig"; sourceTree = "<group>"; };
		83141BFB173305AB063B4E7E /* Pods-Housing.release.xcconfig */ = {isa = PBXFileReference; includeInIndex = 1; lastKnownFileType = text.xcconfig; name = "Pods-Housing.release.xcconfig"; path = "Pods/Target Support Files/Pods-Housing/Pods-Housing.release.xcconfig"; sourceTree = "<group>"; };
		AA1FCC941D66B4B900B78117 /* MAHeaderView.h */ = {isa = PBXFileReference; fileEncoding = 4; lastKnownFileType = sourcecode.c.h; path = MAHeaderView.h; sourceTree = "<group>"; };
		AA1FCC951D66B4B900B78117 /* MAHeaderView.m */ = {isa = PBXFileReference; fileEncoding = 4; lastKnownFileType = sourcecode.c.objc; path = MAHeaderView.m; sourceTree = "<group>"; };
		AA1FCC971D66B83500B78117 /* download@3x.png */ = {isa = PBXFileReference; lastKnownFileType = image.png; path = "download@3x.png"; sourceTree = "<group>"; };
		AA1FCC981D66B83500B78117 /* delete@3x.png */ = {isa = PBXFileReference; lastKnownFileType = image.png; path = "delete@3x.png"; sourceTree = "<group>"; };
		AA1FCC991D66B83500B78117 /* pause@3x.png */ = {isa = PBXFileReference; lastKnownFileType = image.png; path = "pause@3x.png"; sourceTree = "<group>"; };
		AA20C07A1D640307009D3A45 /* TableViewController2.swift */ = {isa = PBXFileReference; fileEncoding = 4; lastKnownFileType = sourcecode.swift; path = TableViewController2.swift; sourceTree = "<group>"; };
		AA20C07D1D640C10009D3A45 /* T_DrugName.db */ = {isa = PBXFileReference; lastKnownFileType = file; path = T_DrugName.db; sourceTree = "<group>"; };
		AA20C09D1D646870009D3A45 /* Icon.png */ = {isa = PBXFileReference; lastKnownFileType = image.png; name = Icon.png; path = ../../Icon.png; sourceTree = "<group>"; };
		AA20C09E1D646870009D3A45 /* Icon@2x.png */ = {isa = PBXFileReference; lastKnownFileType = image.png; name = "Icon@2x.png"; path = "../../Icon@2x.png"; sourceTree = "<group>"; };
		AA20C09F1D646870009D3A45 /* Icon120.png */ = {isa = PBXFileReference; lastKnownFileType = image.png; name = Icon120.png; path = ../../Icon120.png; sourceTree = "<group>"; };
		AA29BE351E1CD7CA00AEBEC2 /* Extension_UIViewController.swift */ = {isa = PBXFileReference; fileEncoding = 4; lastKnownFileType = sourcecode.swift; path = Extension_UIViewController.swift; sourceTree = "<group>"; };
		AA2A10351E16491300C549FA /* Extension_NSArray.swift */ = {isa = PBXFileReference; fileEncoding = 4; lastKnownFileType = sourcecode.swift; path = Extension_NSArray.swift; sourceTree = "<group>"; };
		AA2A10361E16491300C549FA /* Extension_NSBundle.swift */ = {isa = PBXFileReference; fileEncoding = 4; lastKnownFileType = sourcecode.swift; path = Extension_NSBundle.swift; sourceTree = "<group>"; };
		AA2A10371E16491300C549FA /* Extension_NSData.swift */ = {isa = PBXFileReference; fileEncoding = 4; lastKnownFileType = sourcecode.swift; path = Extension_NSData.swift; sourceTree = "<group>"; };
		AA2A10381E16491300C549FA /* Extension_NSDate.swift */ = {isa = PBXFileReference; fileEncoding = 4; lastKnownFileType = sourcecode.swift; path = Extension_NSDate.swift; sourceTree = "<group>"; };
		AA2A10391E16491300C549FA /* Extension_NSDictionary.swift */ = {isa = PBXFileReference; fileEncoding = 4; lastKnownFileType = sourcecode.swift; path = Extension_NSDictionary.swift; sourceTree = "<group>"; };
		AA2A103A1E16491300C549FA /* Extension_NSKeyedUnarchiver.swift */ = {isa = PBXFileReference; fileEncoding = 4; lastKnownFileType = sourcecode.swift; path = Extension_NSKeyedUnarchiver.swift; sourceTree = "<group>"; };
		AA2A103B1E16491300C549FA /* Extension_NSNotificationCenter.swift */ = {isa = PBXFileReference; fileEncoding = 4; lastKnownFileType = sourcecode.swift; path = Extension_NSNotificationCenter.swift; sourceTree = "<group>"; };
		AA2A103C1E16491300C549FA /* Extension_NSNumber.swift */ = {isa = PBXFileReference; fileEncoding = 4; lastKnownFileType = sourcecode.swift; path = Extension_NSNumber.swift; sourceTree = "<group>"; };
		AA2A103D1E16491300C549FA /* Extension_NSObject.swift */ = {isa = PBXFileReference; fileEncoding = 4; lastKnownFileType = sourcecode.swift; path = Extension_NSObject.swift; sourceTree = "<group>"; };
		AA2A103E1E16491300C549FA /* Extension_NSThread.swift */ = {isa = PBXFileReference; fileEncoding = 4; lastKnownFileType = sourcecode.swift; path = Extension_NSThread.swift; sourceTree = "<group>"; };
		AA2A103F1E16491300C549FA /* Extension_NSTimer.swift */ = {isa = PBXFileReference; fileEncoding = 4; lastKnownFileType = sourcecode.swift; path = Extension_NSTimer.swift; sourceTree = "<group>"; };
		AA2A10401E16491300C549FA /* Extension_String.swift */ = {isa = PBXFileReference; fileEncoding = 4; lastKnownFileType = sourcecode.swift; path = Extension_String.swift; sourceTree = "<group>"; };
		AA2A10421E16491300C549FA /* Extension_UIApplication.swift */ = {isa = PBXFileReference; fileEncoding = 4; lastKnownFileType = sourcecode.swift; path = Extension_UIApplication.swift; sourceTree = "<group>"; };
		AA2A10431E16491300C549FA /* Extension_UIBarButtonItem.swift */ = {isa = PBXFileReference; fileEncoding = 4; lastKnownFileType = sourcecode.swift; path = Extension_UIBarButtonItem.swift; sourceTree = "<group>"; };
		AA2A10441E16491300C549FA /* Extension_UIBezierPath.swift */ = {isa = PBXFileReference; fileEncoding = 4; lastKnownFileType = sourcecode.swift; path = Extension_UIBezierPath.swift; sourceTree = "<group>"; };
		AA2A10451E16491300C549FA /* Extension_UIColor.swift */ = {isa = PBXFileReference; fileEncoding = 4; lastKnownFileType = sourcecode.swift; path = Extension_UIColor.swift; sourceTree = "<group>"; };
		AA2A10461E16491300C549FA /* Extension_UIControl.swift */ = {isa = PBXFileReference; fileEncoding = 4; lastKnownFileType = sourcecode.swift; path = Extension_UIControl.swift; sourceTree = "<group>"; };
		AA2A10471E16491300C549FA /* Extension_UIDevice.swift */ = {isa = PBXFileReference; fileEncoding = 4; lastKnownFileType = sourcecode.swift; path = Extension_UIDevice.swift; sourceTree = "<group>"; };
		AA2A10481E16491300C549FA /* Extension_UIFont.swift */ = {isa = PBXFileReference; fileEncoding = 4; lastKnownFileType = sourcecode.swift; path = Extension_UIFont.swift; sourceTree = "<group>"; };
		AA2A10491E16491300C549FA /* Extension_UIImage.swift */ = {isa = PBXFileReference; fileEncoding = 4; lastKnownFileType = sourcecode.swift; path = Extension_UIImage.swift; sourceTree = "<group>"; };
		AA2A104A1E16491300C549FA /* Extension_UIImageView.swift */ = {isa = PBXFileReference; fileEncoding = 4; lastKnownFileType = sourcecode.swift; path = Extension_UIImageView.swift; sourceTree = "<group>"; };
		AA2A104B1E16491300C549FA /* Extension_UIScreen.swift */ = {isa = PBXFileReference; fileEncoding = 4; lastKnownFileType = sourcecode.swift; path = Extension_UIScreen.swift; sourceTree = "<group>"; };
		AA2A104C1E16491300C549FA /* Extension_UIScrollView.swift */ = {isa = PBXFileReference; fileEncoding = 4; lastKnownFileType = sourcecode.swift; path = Extension_UIScrollView.swift; sourceTree = "<group>"; };
		AA2A104D1E16491300C549FA /* Extension_UITableView.swift */ = {isa = PBXFileReference; fileEncoding = 4; lastKnownFileType = sourcecode.swift; path = Extension_UITableView.swift; sourceTree = "<group>"; };
		AA2A104E1E16491300C549FA /* Extension_UIView.swift */ = {isa = PBXFileReference; fileEncoding = 4; lastKnownFileType = sourcecode.swift; path = Extension_UIView.swift; sourceTree = "<group>"; };
		AA6F32EA1D5DBBA2002CDAB1 /* 00.jpg */ = {isa = PBXFileReference; lastKnownFileType = image.jpeg; path = 00.jpg; sourceTree = "<group>"; };
		AA6F32EB1D5DBBA2002CDAB1 /* 01.jpg */ = {isa = PBXFileReference; lastKnownFileType = image.jpeg; path = 01.jpg; sourceTree = "<group>"; };
		AA6F32EC1D5DBBA2002CDAB1 /* 02.jpg */ = {isa = PBXFileReference; lastKnownFileType = image.jpeg; path = 02.jpg; sourceTree = "<group>"; };
		AA6F32ED1D5DBBA2002CDAB1 /* 03.jpg */ = {isa = PBXFileReference; lastKnownFileType = image.jpeg; path = 03.jpg; sourceTree = "<group>"; };
		AA6F32EE1D5DBBA2002CDAB1 /* 04.jpg */ = {isa = PBXFileReference; lastKnownFileType = image.jpeg; path = 04.jpg; sourceTree = "<group>"; };
		AA6F32EF1D5DBBA2002CDAB1 /* 05.jpg */ = {isa = PBXFileReference; lastKnownFileType = image.jpeg; path = 05.jpg; sourceTree = "<group>"; };
		AA6F32F01D5DBBA2002CDAB1 /* 06.jpg */ = {isa = PBXFileReference; lastKnownFileType = image.jpeg; path = 06.jpg; sourceTree = "<group>"; };
		AA6F32F11D5DBBA2002CDAB1 /* 07.jpg */ = {isa = PBXFileReference; lastKnownFileType = image.jpeg; path = 07.jpg; sourceTree = "<group>"; };
		AA6F32F21D5DBBA2002CDAB1 /* 08.jpg */ = {isa = PBXFileReference; lastKnownFileType = image.jpeg; path = 08.jpg; sourceTree = "<group>"; };
		AA6F32F31D5DBBA2002CDAB1 /* 09.jpg */ = {isa = PBXFileReference; lastKnownFileType = image.jpeg; path = 09.jpg; sourceTree = "<group>"; };
		AA6F32F41D5DBBA2002CDAB1 /* 10.jpg */ = {isa = PBXFileReference; lastKnownFileType = image.jpeg; path = 10.jpg; sourceTree = "<group>"; };
		AA6F32F51D5DBBA2002CDAB1 /* 11.jpg */ = {isa = PBXFileReference; lastKnownFileType = image.jpeg; path = 11.jpg; sourceTree = "<group>"; };
		AA6F32F61D5DBBA2002CDAB1 /* 12.jpg */ = {isa = PBXFileReference; lastKnownFileType = image.jpeg; path = 12.jpg; sourceTree = "<group>"; };
		AA6F32F71D5DBBA2002CDAB1 /* 13.jpg */ = {isa = PBXFileReference; lastKnownFileType = image.jpeg; path = 13.jpg; sourceTree = "<group>"; };
		AA6F32F81D5DBBA2002CDAB1 /* 14.jpg */ = {isa = PBXFileReference; lastKnownFileType = image.jpeg; path = 14.jpg; sourceTree = "<group>"; };
		AA6F32F91D5DBBA2002CDAB1 /* 15.jpg */ = {isa = PBXFileReference; lastKnownFileType = image.jpeg; path = 15.jpg; sourceTree = "<group>"; };
		AA6F32FA1D5DBBA2002CDAB1 /* 16.jpg */ = {isa = PBXFileReference; lastKnownFileType = image.jpeg; path = 16.jpg; sourceTree = "<group>"; };
		AA6F32FB1D5DBBA2002CDAB1 /* 17.jpg */ = {isa = PBXFileReference; lastKnownFileType = image.jpeg; path = 17.jpg; sourceTree = "<group>"; };
		AA6F32FC1D5DBBA2002CDAB1 /* 18.jpg */ = {isa = PBXFileReference; lastKnownFileType = image.jpeg; path = 18.jpg; sourceTree = "<group>"; };
		AA6F32FD1D5DBBA2002CDAB1 /* 19.jpg */ = {isa = PBXFileReference; lastKnownFileType = image.jpeg; path = 19.jpg; sourceTree = "<group>"; };
		AA6F32FE1D5DBBA2002CDAB1 /* 20.jpg */ = {isa = PBXFileReference; lastKnownFileType = image.jpeg; path = 20.jpg; sourceTree = "<group>"; };
		AA6F32FF1D5DBBA2002CDAB1 /* 21.jpg */ = {isa = PBXFileReference; lastKnownFileType = image.jpeg; path = 21.jpg; sourceTree = "<group>"; };
		AA6F33001D5DBBA2002CDAB1 /* 22.jpg */ = {isa = PBXFileReference; lastKnownFileType = image.jpeg; path = 22.jpg; sourceTree = "<group>"; };
		AA6F33011D5DBBA2002CDAB1 /* 23.jpg */ = {isa = PBXFileReference; lastKnownFileType = image.jpeg; path = 23.jpg; sourceTree = "<group>"; };
		AA6FFD761D6585B2009AD328 /* MapViewController.swift */ = {isa = PBXFileReference; fileEncoding = 4; lastKnownFileType = sourcecode.swift; path = MapViewController.swift; sourceTree = "<group>"; };
		AA6FFD7B1D658847009AD328 /* MapViewController1.swift */ = {isa = PBXFileReference; fileEncoding = 4; lastKnownFileType = sourcecode.swift; path = MapViewController1.swift; sourceTree = "<group>"; };
		AA6FFDEE1D65A9B2009AD328 /* aeroplane@2x.png */ = {isa = PBXFileReference; lastKnownFileType = image.png; path = "aeroplane@2x.png"; sourceTree = "<group>"; };
		AA6FFDEF1D65A9B2009AD328 /* DisplayViewController.swift */ = {isa = PBXFileReference; fileEncoding = 4; lastKnownFileType = sourcecode.swift; path = DisplayViewController.swift; sourceTree = "<group>"; };
		AA6FFDF01D65A9B2009AD328 /* FileHelper.swift */ = {isa = PBXFileReference; fileEncoding = 4; lastKnownFileType = sourcecode.swift; path = FileHelper.swift; sourceTree = "<group>"; };
		AA6FFDF11D65A9B2009AD328 /* icon_list@2x.png */ = {isa = PBXFileReference; lastKnownFileType = image.png; path = "icon_list@2x.png"; sourceTree = "<group>"; };
		AA6FFDF21D65A9B2009AD328 /* icon_play@2x.png */ = {isa = PBXFileReference; lastKnownFileType = image.png; path = "icon_play@2x.png"; sourceTree = "<group>"; };
		AA6FFDF31D65A9B2009AD328 /* icon_stop@2x.png */ = {isa = PBXFileReference; lastKnownFileType = image.png; path = "icon_stop@2x.png"; sourceTree = "<group>"; };
		AA6FFDF41D65A9B2009AD328 /* location_no@2x.png */ = {isa = PBXFileReference; lastKnownFileType = image.png; path = "location_no@2x.png"; sourceTree = "<group>"; };
		AA6FFDF51D65A9B2009AD328 /* location_yes@2x.png */ = {isa = PBXFileReference; lastKnownFileType = image.png; path = "location_yes@2x.png"; sourceTree = "<group>"; };
		AA6FFDF61D65A9B2009AD328 /* MainViewController.swift */ = {isa = PBXFileReference; fileEncoding = 4; lastKnownFileType = sourcecode.swift; path = MainViewController.swift; sourceTree = "<group>"; };
		AA6FFDF71D65A9B2009AD328 /* RecordViewController.swift */ = {isa = PBXFileReference; fileEncoding = 4; lastKnownFileType = sourcecode.swift; path = RecordViewController.swift; sourceTree = "<group>"; };
		AA6FFDF81D65A9B2009AD328 /* Route.swift */ = {isa = PBXFileReference; fileEncoding = 4; lastKnownFileType = sourcecode.swift; path = Route.swift; sourceTree = "<group>"; };
		AA6FFDF91D65A9B2009AD328 /* StatusView.swift */ = {isa = PBXFileReference; fileEncoding = 4; lastKnownFileType = sourcecode.swift; path = StatusView.swift; sourceTree = "<group>"; };
		AA6FFDFA1D65A9B2009AD328 /* TipView.swift */ = {isa = PBXFileReference; fileEncoding = 4; lastKnownFileType = sourcecode.swift; path = TipView.swift; sourceTree = "<group>"; };
		AA6FFE091D65BD9A009AD328 /* OfflineDetailViewController.h */ = {isa = PBXFileReference; fileEncoding = 4; lastKnownFileType = sourcecode.c.h; path = OfflineDetailViewController.h; sourceTree = "<group>"; };
		AA6FFE0A1D65BD9A009AD328 /* OfflineDetailViewController.m */ = {isa = PBXFileReference; fileEncoding = 4; lastKnownFileType = sourcecode.c.objc; path = OfflineDetailViewController.m; sourceTree = "<group>"; };
		AA99DFD71E163E1500F61A79 /* ADViewController.swift */ = {isa = PBXFileReference; fileEncoding = 4; lastKnownFileType = sourcecode.swift; path = ADViewController.swift; sourceTree = "<group>"; };
		AA99DFD91E163E1500F61A79 /* AssetWriterCoordinator.swift */ = {isa = PBXFileReference; fileEncoding = 4; lastKnownFileType = sourcecode.swift; path = AssetWriterCoordinator.swift; sourceTree = "<group>"; };
		AA99DFDA1E163E1500F61A79 /* CaptureManager.swift */ = {isa = PBXFileReference; fileEncoding = 4; lastKnownFileType = sourcecode.swift; path = CaptureManager.swift; sourceTree = "<group>"; };
		AA99DFDB1E163E1500F61A79 /* CaptureSessionAssetWriterCoordinator.swift */ = {isa = PBXFileReference; fileEncoding = 4; lastKnownFileType = sourcecode.swift; path = CaptureSessionAssetWriterCoordinator.swift; sourceTree = "<group>"; };
		AA99DFDC1E163E1500F61A79 /* CaptureSessionCoordinator.swift */ = {isa = PBXFileReference; fileEncoding = 4; lastKnownFileType = sourcecode.swift; path = CaptureSessionCoordinator.swift; sourceTree = "<group>"; };
		AA99DFDD1E163E1500F61A79 /* CaptureSessionMovieFileOutputCoordinator.swift */ = {isa = PBXFileReference; fileEncoding = 4; lastKnownFileType = sourcecode.swift; path = CaptureSessionMovieFileOutputCoordinator.swift; sourceTree = "<group>"; };
		AA99DFDE1E163E1500F61A79 /* CaptureView.swift */ = {isa = PBXFileReference; fileEncoding = 4; lastKnownFileType = sourcecode.swift; path = CaptureView.swift; sourceTree = "<group>"; };
		AA99DFE01E163E1500F61A79 /* MainView.swift */ = {isa = PBXFileReference; fileEncoding = 4; lastKnownFileType = sourcecode.swift; path = MainView.swift; sourceTree = "<group>"; };
		AA99DFE11E163E1500F61A79 /* TachographMainViewController.swift */ = {isa = PBXFileReference; fileEncoding = 4; lastKnownFileType = sourcecode.swift; path = TachographMainViewController.swift; sourceTree = "<group>"; };
		AA99DFE21E163E1500F61A79 /* MapView.swift */ = {isa = PBXFileReference; fileEncoding = 4; lastKnownFileType = sourcecode.swift; path = MapView.swift; sourceTree = "<group>"; };
		AA99DFE41E163E1500F61A79 /* MovieListController.swift */ = {isa = PBXFileReference; fileEncoding = 4; lastKnownFileType = sourcecode.swift; path = MovieListController.swift; sourceTree = "<group>"; };
		AA99DFE51E163E1500F61A79 /* MoviePlayerController.swift */ = {isa = PBXFileReference; fileEncoding = 4; lastKnownFileType = sourcecode.swift; path = MoviePlayerController.swift; sourceTree = "<group>"; };
		AA99DFE71E163E1500F61A79 /* MusicListViewController.swift */ = {isa = PBXFileReference; fileEncoding = 4; lastKnownFileType = sourcecode.swift; path = MusicListViewController.swift; sourceTree = "<group>"; };
		AA99DFE81E163E1500F61A79 /* MusicPlayViewController.swift */ = {isa = PBXFileReference; fileEncoding = 4; lastKnownFileType = sourcecode.swift; path = MusicPlayViewController.swift; sourceTree = "<group>"; };
		AA99DFE91E163E1500F61A79 /* TaSong.swift */ = {isa = PBXFileReference; fileEncoding = 4; lastKnownFileType = sourcecode.swift; path = TaSong.swift; sourceTree = "<group>"; };
		AA99DFEA1E163E1500F61A79 /* TabbarView.swift */ = {isa = PBXFileReference; fileEncoding = 4; lastKnownFileType = sourcecode.swift; path = TabbarView.swift; sourceTree = "<group>"; };
		AA99E0311E163E5A00F61A79 /* Resources.bundle */ = {isa = PBXFileReference; lastKnownFileType = "wrapper.plug-in"; path = Resources.bundle; sourceTree = "<group>"; };
		AA99E0341E16411100F61A79 /* AppColorConfigure.swift */ = {isa = PBXFileReference; fileEncoding = 4; lastKnownFileType = sourcecode.swift; path = AppColorConfigure.swift; sourceTree = "<group>"; };
		AA99E0351E16411100F61A79 /* AppCommon.swift */ = {isa = PBXFileReference; fileEncoding = 4; lastKnownFileType = sourcecode.swift; path = AppCommon.swift; sourceTree = "<group>"; };
		AA99E0361E16411100F61A79 /* AppConfigure.swift */ = {isa = PBXFileReference; fileEncoding = 4; lastKnownFileType = sourcecode.swift; path = AppConfigure.swift; sourceTree = "<group>"; };
		AA99E0371E16411100F61A79 /* AppExtension.swift */ = {isa = PBXFileReference; fileEncoding = 4; lastKnownFileType = sourcecode.swift; path = AppExtension.swift; sourceTree = "<group>"; };
		AA99E0381E16411100F61A79 /* AppLog.swift */ = {isa = PBXFileReference; fileEncoding = 4; lastKnownFileType = sourcecode.swift; path = AppLog.swift; sourceTree = "<group>"; };
		AA99E0391E16411100F61A79 /* FileManager.swift */ = {isa = PBXFileReference; fileEncoding = 4; lastKnownFileType = sourcecode.swift; path = FileManager.swift; sourceTree = "<group>"; };
		AA99E03A1E16411100F61A79 /* GHConst.h */ = {isa = PBXFileReference; fileEncoding = 4; lastKnownFileType = sourcecode.c.h; path = GHConst.h; sourceTree = "<group>"; };
		AA99E03B1E16411100F61A79 /* GHConst.m */ = {isa = PBXFileReference; fileEncoding = 4; lastKnownFileType = sourcecode.c.objc; path = GHConst.m; sourceTree = "<group>"; };
		AA99E03C1E16411100F61A79 /* Network.swift */ = {isa = PBXFileReference; fileEncoding = 4; lastKnownFileType = sourcecode.swift; path = Network.swift; sourceTree = "<group>"; };
		AA99E03D1E16411100F61A79 /* NSArray+Log.h */ = {isa = PBXFileReference; fileEncoding = 4; lastKnownFileType = sourcecode.c.h; path = "NSArray+Log.h"; sourceTree = "<group>"; };
		AA99E03E1E16411100F61A79 /* NSArray+Log.m */ = {isa = PBXFileReference; fileEncoding = 4; lastKnownFileType = sourcecode.c.objc; path = "NSArray+Log.m"; sourceTree = "<group>"; };
		AA99E03F1E16411100F61A79 /* NSData+SDDataCache.h */ = {isa = PBXFileReference; fileEncoding = 4; lastKnownFileType = sourcecode.c.h; path = "NSData+SDDataCache.h"; sourceTree = "<group>"; };
		AA99E0401E16411100F61A79 /* NSData+SDDataCache.m */ = {isa = PBXFileReference; fileEncoding = 4; lastKnownFileType = sourcecode.c.objc; path = "NSData+SDDataCache.m"; sourceTree = "<group>"; };
		AA99E0411E16411100F61A79 /* NSDictionary+NullSafe.h */ = {isa = PBXFileReference; fileEncoding = 4; lastKnownFileType = sourcecode.c.h; path = "NSDictionary+NullSafe.h"; sourceTree = "<group>"; };
		AA99E0421E16411100F61A79 /* NSDictionary+NullSafe.m */ = {isa = PBXFileReference; fileEncoding = 4; lastKnownFileType = sourcecode.c.objc; path = "NSDictionary+NullSafe.m"; sourceTree = "<group>"; };
		AA99E0431E16411100F61A79 /* String+Hash.swift */ = {isa = PBXFileReference; fileEncoding = 4; lastKnownFileType = sourcecode.swift; path = "String+Hash.swift"; sourceTree = "<group>"; };
		AA99E0441E16411100F61A79 /* UIImage+BundleImage.h */ = {isa = PBXFileReference; fileEncoding = 4; lastKnownFileType = sourcecode.c.h; path = "UIImage+BundleImage.h"; sourceTree = "<group>"; };
		AA99E0451E16411100F61A79 /* UIImage+BundleImage.m */ = {isa = PBXFileReference; fileEncoding = 4; lastKnownFileType = sourcecode.c.objc; path = "UIImage+BundleImage.m"; sourceTree = "<group>"; };
		AAD3F48B1D61BD170053F641 /* BaseViewController.swift */ = {isa = PBXFileReference; fileEncoding = 4; lastKnownFileType = sourcecode.swift; path = BaseViewController.swift; sourceTree = "<group>"; };
		AAD406EC1D5C6EFA009D18D5 /* Housing.app */ = {isa = PBXFileReference; explicitFileType = wrapper.application; includeInIndex = 0; path = Housing.app; sourceTree = BUILT_PRODUCTS_DIR; };
		AAD406EF1D5C6EFA009D18D5 /* AppDelegate.swift */ = {isa = PBXFileReference; lastKnownFileType = sourcecode.swift; path = AppDelegate.swift; sourceTree = "<group>"; };
		AAD406F11D5C6EFA009D18D5 /* ViewController.swift */ = {isa = PBXFileReference; lastKnownFileType = sourcecode.swift; path = ViewController.swift; sourceTree = "<group>"; };
		AAD406F41D5C6EFA009D18D5 /* Base */ = {isa = PBXFileReference; lastKnownFileType = file.storyboard; name = Base; path = Base.lproj/Main.storyboard; sourceTree = "<group>"; };
		AAD406F61D5C6EFA009D18D5 /* Assets.xcassets */ = {isa = PBXFileReference; lastKnownFileType = folder.assetcatalog; path = Assets.xcassets; sourceTree = "<group>"; };
		AAD406F91D5C6EFA009D18D5 /* Base */ = {isa = PBXFileReference; lastKnownFileType = file.storyboard; name = Base; path = Base.lproj/LaunchScreen.storyboard; sourceTree = "<group>"; };
		AAD406FB1D5C6EFA009D18D5 /* Info.plist */ = {isa = PBXFileReference; lastKnownFileType = text.plist.xml; path = Info.plist; sourceTree = "<group>"; };
		AADD70831D62B1350081D986 /* dataBase0.jpg */ = {isa = PBXFileReference; lastKnownFileType = image.jpeg; path = dataBase0.jpg; sourceTree = "<group>"; };
		AADD70841D62B1350081D986 /* dataBase1.jpg */ = {isa = PBXFileReference; lastKnownFileType = image.jpeg; path = dataBase1.jpg; sourceTree = "<group>"; };
		AADD708C1D62B1C10081D986 /* Housing-Bridging-Header.h */ = {isa = PBXFileReference; fileEncoding = 4; lastKnownFileType = sourcecode.c.h; path = "Housing-Bridging-Header.h"; sourceTree = "<group>"; };
		AADD708F1D62B6770081D986 /* FMDatabase.h */ = {isa = PBXFileReference; fileEncoding = 4; lastKnownFileType = sourcecode.c.h; path = FMDatabase.h; sourceTree = "<group>"; };
		AADD70901D62B6770081D986 /* FMDatabase.m */ = {isa = PBXFileReference; fileEncoding = 4; lastKnownFileType = sourcecode.c.objc; path = FMDatabase.m; sourceTree = "<group>"; };
		AADD70911D62B6770081D986 /* FMDatabaseAdditions.h */ = {isa = PBXFileReference; fileEncoding = 4; lastKnownFileType = sourcecode.c.h; path = FMDatabaseAdditions.h; sourceTree = "<group>"; };
		AADD70921D62B6770081D986 /* FMDatabaseAdditions.m */ = {isa = PBXFileReference; fileEncoding = 4; lastKnownFileType = sourcecode.c.objc; path = FMDatabaseAdditions.m; sourceTree = "<group>"; };
		AADD70931D62B6770081D986 /* FMDatabasePool.h */ = {isa = PBXFileReference; fileEncoding = 4; lastKnownFileType = sourcecode.c.h; path = FMDatabasePool.h; sourceTree = "<group>"; };
		AADD70941D62B6770081D986 /* FMDatabasePool.m */ = {isa = PBXFileReference; fileEncoding = 4; lastKnownFileType = sourcecode.c.objc; path = FMDatabasePool.m; sourceTree = "<group>"; };
		AADD70951D62B6770081D986 /* FMDatabaseQueue.h */ = {isa = PBXFileReference; fileEncoding = 4; lastKnownFileType = sourcecode.c.h; path = FMDatabaseQueue.h; sourceTree = "<group>"; };
		AADD70961D62B6770081D986 /* FMDatabaseQueue.m */ = {isa = PBXFileReference; fileEncoding = 4; lastKnownFileType = sourcecode.c.objc; path = FMDatabaseQueue.m; sourceTree = "<group>"; };
		AADD70971D62B6770081D986 /* FMDB.h */ = {isa = PBXFileReference; fileEncoding = 4; lastKnownFileType = sourcecode.c.h; path = FMDB.h; sourceTree = "<group>"; };
		AADD70981D62B6770081D986 /* FMResultSet.h */ = {isa = PBXFileReference; fileEncoding = 4; lastKnownFileType = sourcecode.c.h; path = FMResultSet.h; sourceTree = "<group>"; };
		AADD70991D62B6770081D986 /* FMResultSet.m */ = {isa = PBXFileReference; fileEncoding = 4; lastKnownFileType = sourcecode.c.objc; path = FMResultSet.m; sourceTree = "<group>"; };
		AADD709B1D62B6770081D986 /* MJNIndexView.h */ = {isa = PBXFileReference; fileEncoding = 4; lastKnownFileType = sourcecode.c.h; path = MJNIndexView.h; sourceTree = "<group>"; };
		AADD709C1D62B6770081D986 /* MJNIndexView.m */ = {isa = PBXFileReference; fileEncoding = 4; lastKnownFileType = sourcecode.c.objc; path = MJNIndexView.m; sourceTree = "<group>"; };
		AADD70A31D62B7430081D986 /* libsqlite3.0.tbd */ = {isa = PBXFileReference; lastKnownFileType = "sourcecode.text-based-dylib-definition"; name = libsqlite3.0.tbd; path = usr/lib/libsqlite3.0.tbd; sourceTree = SDKROOT; };
		AADD70A61D62B8100081D986 /* DataBase.h */ = {isa = PBXFileReference; fileEncoding = 4; lastKnownFileType = sourcecode.c.h; path = DataBase.h; sourceTree = "<group>"; };
		AADD70A71D62B8100081D986 /* DataBase.m */ = {isa = PBXFileReference; fileEncoding = 4; lastKnownFileType = sourcecode.c.objc; path = DataBase.m; sourceTree = "<group>"; };
		AADD70A81D62B8100081D986 /* DrugSearchModel.h */ = {isa = PBXFileReference; fileEncoding = 4; lastKnownFileType = sourcecode.c.h; path = DrugSearchModel.h; sourceTree = "<group>"; };
		AADD70A91D62B8100081D986 /* DrugSearchModel.m */ = {isa = PBXFileReference; fileEncoding = 4; lastKnownFileType = sourcecode.c.objc; path = DrugSearchModel.m; sourceTree = "<group>"; };
		AADD70AF1D62BC010081D986 /* CustomViewController.swift */ = {isa = PBXFileReference; fileEncoding = 4; lastKnownFileType = sourcecode.swift; path = CustomViewController.swift; sourceTree = "<group>"; };
		AADD70B31D62BC010081D986 /* CollectionViewController.swift */ = {isa = PBXFileReference; fileEncoding = 4; lastKnownFileType = sourcecode.swift; path = CollectionViewController.swift; sourceTree = "<group>"; };
		AADD70B51D62BC010081D986 /* CustomTabBarController.swift */ = {isa = PBXFileReference; fileEncoding = 4; lastKnownFileType = sourcecode.swift; path = CustomTabBarController.swift; sourceTree = "<group>"; };
		AADD70B71D62BC010081D986 /* NavigationController.swift */ = {isa = PBXFileReference; fileEncoding = 4; lastKnownFileType = sourcecode.swift; path = NavigationController.swift; sourceTree = "<group>"; };
		AADD70B91D62BC010081D986 /* TabBarController.swift */ = {isa = PBXFileReference; fileEncoding = 4; lastKnownFileType = sourcecode.swift; path = TabBarController.swift; sourceTree = "<group>"; };
		AADD70BB1D62BC010081D986 /* TableViewController.swift */ = {isa = PBXFileReference; fileEncoding = 4; lastKnownFileType = sourcecode.swift; path = TableViewController.swift; sourceTree = "<group>"; };
		AADD70C21D62BC930081D986 /* CollectionView1.swift */ = {isa = PBXFileReference; fileEncoding = 4; lastKnownFileType = sourcecode.swift; path = CollectionView1.swift; sourceTree = "<group>"; };
		AADD70C41D62BFF60081D986 /* TableViewController1.swift */ = {isa = PBXFileReference; fileEncoding = 4; lastKnownFileType = sourcecode.swift; path = TableViewController1.swift; sourceTree = "<group>"; };
/* End PBXFileReference section */

/* Begin PBXFrameworksBuildPhase section */
		AAD406E91D5C6EFA009D18D5 /* Frameworks */ = {
			isa = PBXFrameworksBuildPhase;
			buildActionMask = 2147483647;
			files = (
				AADD70A41D62B7430081D986 /* libsqlite3.0.tbd in Frameworks */,
				C275F52C023BB74D1A4B3258 /* Pods_Housing.framework in Frameworks */,
			);
			runOnlyForDeploymentPostprocessing = 0;
		};
/* End PBXFrameworksBuildPhase section */

/* Begin PBXGroup section */
		4D34178F0BDD0515462CD478 /* Pods */ = {
			isa = PBXGroup;
			children = (
				79E68A5429B31F61C8DF525B /* Pods-Housing.debug.xcconfig */,
				83141BFB173305AB063B4E7E /* Pods-Housing.release.xcconfig */,
			);
			name = Pods;
			sourceTree = "<group>";
		};
		AA20C07C1D640C10009D3A45 /* DataBase */ = {
			isa = PBXGroup;
			children = (
				AA20C07D1D640C10009D3A45 /* T_DrugName.db */,
			);
			name = DataBase;
			path = Body/DataBase;
			sourceTree = "<group>";
		};
		AA2A10341E16491300C549FA /* Foundation */ = {
			isa = PBXGroup;
			children = (
				AA2A10351E16491300C549FA /* Extension_NSArray.swift */,
				AA2A10361E16491300C549FA /* Extension_NSBundle.swift */,
				AA2A10371E16491300C549FA /* Extension_NSData.swift */,
				AA2A10381E16491300C549FA /* Extension_NSDate.swift */,
				AA2A10391E16491300C549FA /* Extension_NSDictionary.swift */,
				AA2A103A1E16491300C549FA /* Extension_NSKeyedUnarchiver.swift */,
				AA2A103B1E16491300C549FA /* Extension_NSNotificationCenter.swift */,
				AA2A103C1E16491300C549FA /* Extension_NSNumber.swift */,
				AA2A103D1E16491300C549FA /* Extension_NSObject.swift */,
				AA2A103E1E16491300C549FA /* Extension_NSThread.swift */,
				AA2A103F1E16491300C549FA /* Extension_NSTimer.swift */,
				AA2A10401E16491300C549FA /* Extension_String.swift */,
			);
			path = Foundation;
			sourceTree = "<group>";
		};
		AA2A10411E16491300C549FA /* UIKit */ = {
			isa = PBXGroup;
			children = (
				AA2A10421E16491300C549FA /* Extension_UIApplication.swift */,
				AA2A10431E16491300C549FA /* Extension_UIBarButtonItem.swift */,
				AA2A10441E16491300C549FA /* Extension_UIBezierPath.swift */,
				AA2A10451E16491300C549FA /* Extension_UIColor.swift */,
				AA2A10461E16491300C549FA /* Extension_UIControl.swift */,
				AA2A10471E16491300C549FA /* Extension_UIDevice.swift */,
				AA2A10481E16491300C549FA /* Extension_UIFont.swift */,
				AA2A10491E16491300C549FA /* Extension_UIImage.swift */,
				AA2A104A1E16491300C549FA /* Extension_UIImageView.swift */,
				AA2A104B1E16491300C549FA /* Extension_UIScreen.swift */,
				AA2A104C1E16491300C549FA /* Extension_UIScrollView.swift */,
				AA2A104D1E16491300C549FA /* Extension_UITableView.swift */,
				AA2A104E1E16491300C549FA /* Extension_UIView.swift */,
				AA29BE351E1CD7CA00AEBEC2 /* Extension_UIViewController.swift */,
			);
			path = UIKit;
			sourceTree = "<group>";
		};
		AA6F32E91D5DBBA2002CDAB1 /* resource */ = {
			isa = PBXGroup;
			children = (
				AA1FCC971D66B83500B78117 /* download@3x.png */,
				AA1FCC981D66B83500B78117 /* delete@3x.png */,
				AA1FCC991D66B83500B78117 /* pause@3x.png */,
				AA20C09D1D646870009D3A45 /* Icon.png */,
				AA20C09E1D646870009D3A45 /* Icon@2x.png */,
				AA20C09F1D646870009D3A45 /* Icon120.png */,
				AADD70831D62B1350081D986 /* dataBase0.jpg */,
				AADD70841D62B1350081D986 /* dataBase1.jpg */,
				AA6F32EA1D5DBBA2002CDAB1 /* 00.jpg */,
				AA6F32EB1D5DBBA2002CDAB1 /* 01.jpg */,
				AA6F32EC1D5DBBA2002CDAB1 /* 02.jpg */,
				AA6F32ED1D5DBBA2002CDAB1 /* 03.jpg */,
				AA6F32EE1D5DBBA2002CDAB1 /* 04.jpg */,
				AA6F32EF1D5DBBA2002CDAB1 /* 05.jpg */,
				AA6F32F01D5DBBA2002CDAB1 /* 06.jpg */,
				AA6F32F11D5DBBA2002CDAB1 /* 07.jpg */,
				AA6F32F21D5DBBA2002CDAB1 /* 08.jpg */,
				AA6F32F31D5DBBA2002CDAB1 /* 09.jpg */,
				AA6F32F41D5DBBA2002CDAB1 /* 10.jpg */,
				AA6F32F51D5DBBA2002CDAB1 /* 11.jpg */,
				AA6F32F61D5DBBA2002CDAB1 /* 12.jpg */,
				AA6F32F71D5DBBA2002CDAB1 /* 13.jpg */,
				AA6F32F81D5DBBA2002CDAB1 /* 14.jpg */,
				AA6F32F91D5DBBA2002CDAB1 /* 15.jpg */,
				AA6F32FA1D5DBBA2002CDAB1 /* 16.jpg */,
				AA6F32FB1D5DBBA2002CDAB1 /* 17.jpg */,
				AA6F32FC1D5DBBA2002CDAB1 /* 18.jpg */,
				AA6F32FD1D5DBBA2002CDAB1 /* 19.jpg */,
				AA6F32FE1D5DBBA2002CDAB1 /* 20.jpg */,
				AA6F32FF1D5DBBA2002CDAB1 /* 21.jpg */,
				AA6F33001D5DBBA2002CDAB1 /* 22.jpg */,
				AA6F33011D5DBBA2002CDAB1 /* 23.jpg */,
			);
			name = resource;
			path = Body/resource;
			sourceTree = "<group>";
		};
		AA6FFD751D658583009AD328 /* MapView */ = {
			isa = PBXGroup;
			children = (
				AA6FFD761D6585B2009AD328 /* MapViewController.swift */,
				AA6FFD7B1D658847009AD328 /* MapViewController1.swift */,
			);
			path = MapView;
			sourceTree = "<group>";
		};
		AA6FFDED1D65A9B2009AD328 /* Route */ = {
			isa = PBXGroup;
			children = (
				AA6FFDEE1D65A9B2009AD328 /* aeroplane@2x.png */,
				AA6FFDEF1D65A9B2009AD328 /* DisplayViewController.swift */,
				AA6FFDF01D65A9B2009AD328 /* FileHelper.swift */,
				AA6FFDF11D65A9B2009AD328 /* icon_list@2x.png */,
				AA6FFDF21D65A9B2009AD328 /* icon_play@2x.png */,
				AA6FFDF31D65A9B2009AD328 /* icon_stop@2x.png */,
				AA6FFDF41D65A9B2009AD328 /* location_no@2x.png */,
				AA6FFDF51D65A9B2009AD328 /* location_yes@2x.png */,
				AA6FFDF61D65A9B2009AD328 /* MainViewController.swift */,
				AA6FFDF71D65A9B2009AD328 /* RecordViewController.swift */,
				AA6FFDF81D65A9B2009AD328 /* Route.swift */,
				AA6FFDF91D65A9B2009AD328 /* StatusView.swift */,
				AA6FFDFA1D65A9B2009AD328 /* TipView.swift */,
			);
			path = Route;
			sourceTree = "<group>";
		};
		AA6FFE081D65BD9A009AD328 /* AMap */ = {
			isa = PBXGroup;
			children = (
				AA6FFE091D65BD9A009AD328 /* OfflineDetailViewController.h */,
				AA6FFE0A1D65BD9A009AD328 /* OfflineDetailViewController.m */,
				AA1FCC941D66B4B900B78117 /* MAHeaderView.h */,
				AA1FCC951D66B4B900B78117 /* MAHeaderView.m */,
			);
			path = AMap;
			sourceTree = "<group>";
		};
		AA99DFD61E163E1500F61A79 /* Tachograph */ = {
			isa = PBXGroup;
			children = (
				AA99DFD71E163E1500F61A79 /* ADViewController.swift */,
				AA99DFE01E163E1500F61A79 /* MainView.swift */,
				AA99DFE11E163E1500F61A79 /* TachographMainViewController.swift */,
				AA99DFE21E163E1500F61A79 /* MapView.swift */,
				AA99DFEA1E163E1500F61A79 /* TabbarView.swift */,
				AA99DFD81E163E1500F61A79 /* Capture */,
				AA99DFE31E163E1500F61A79 /* Movie */,
				AA99DFE61E163E1500F61A79 /* Music */,
			);
			name = Tachograph;
			path = Body/Tachograph;
			sourceTree = "<group>";
		};
		AA99DFD81E163E1500F61A79 /* Capture */ = {
			isa = PBXGroup;
			children = (
				AA99DFD91E163E1500F61A79 /* AssetWriterCoordinator.swift */,
				AA99DFDA1E163E1500F61A79 /* CaptureManager.swift */,
				AA99DFDB1E163E1500F61A79 /* CaptureSessionAssetWriterCoordinator.swift */,
				AA99DFDC1E163E1500F61A79 /* CaptureSessionCoordinator.swift */,
				AA99DFDD1E163E1500F61A79 /* CaptureSessionMovieFileOutputCoordinator.swift */,
				AA99DFDE1E163E1500F61A79 /* CaptureView.swift */,
			);
			path = Capture;
			sourceTree = "<group>";
		};
		AA99DFE31E163E1500F61A79 /* Movie */ = {
			isa = PBXGroup;
			children = (
				AA99DFE41E163E1500F61A79 /* MovieListController.swift */,
				AA99DFE51E163E1500F61A79 /* MoviePlayerController.swift */,
			);
			path = Movie;
			sourceTree = "<group>";
		};
		AA99DFE61E163E1500F61A79 /* Music */ = {
			isa = PBXGroup;
			children = (
				AA99DFE71E163E1500F61A79 /* MusicListViewController.swift */,
				AA99DFE81E163E1500F61A79 /* MusicPlayViewController.swift */,
				AA99DFE91E163E1500F61A79 /* TaSong.swift */,
			);
			path = Music;
			sourceTree = "<group>";
		};
		AA99DFFC1E163E3C00F61A79 /* Utility */ = {
			isa = PBXGroup;
			children = (
				AA2A10341E16491300C549FA /* Foundation */,
				AA2A10411E16491300C549FA /* UIKit */,
				AA99E0331E16411100F61A79 /* Tools */,
			);
			name = Utility;
			path = Body/Utility;
			sourceTree = "<group>";
		};
		AA99E0331E16411100F61A79 /* Tools */ = {
			isa = PBXGroup;
			children = (
				AA99E0341E16411100F61A79 /* AppColorConfigure.swift */,
				AA99E0351E16411100F61A79 /* AppCommon.swift */,
				AA99E0361E16411100F61A79 /* AppConfigure.swift */,
				AA99E0371E16411100F61A79 /* AppExtension.swift */,
				AA99E0381E16411100F61A79 /* AppLog.swift */,
				AA99E0391E16411100F61A79 /* FileManager.swift */,
				AA99E03A1E16411100F61A79 /* GHConst.h */,
				AA99E03B1E16411100F61A79 /* GHConst.m */,
				AA99E03C1E16411100F61A79 /* Network.swift */,
				AA99E03D1E16411100F61A79 /* NSArray+Log.h */,
				AA99E03E1E16411100F61A79 /* NSArray+Log.m */,
				AA99E03F1E16411100F61A79 /* NSData+SDDataCache.h */,
				AA99E0401E16411100F61A79 /* NSData+SDDataCache.m */,
				AA99E0411E16411100F61A79 /* NSDictionary+NullSafe.h */,
				AA99E0421E16411100F61A79 /* NSDictionary+NullSafe.m */,
				AA99E0431E16411100F61A79 /* String+Hash.swift */,
				AA99E0441E16411100F61A79 /* UIImage+BundleImage.h */,
				AA99E0451E16411100F61A79 /* UIImage+BundleImage.m */,
			);
			path = Tools;
			sourceTree = "<group>";
		};
		AAD406E31D5C6EFA009D18D5 = {
			isa = PBXGroup;
			children = (
				AAD406EE1D5C6EFA009D18D5 /* Housing */,
				AAD406ED1D5C6EFA009D18D5 /* Products */,
				4D34178F0BDD0515462CD478 /* Pods */,
				DD92FD6CE9C2C5A3AC2BD643 /* Frameworks */,
			);
			sourceTree = "<group>";
		};
		AAD406ED1D5C6EFA009D18D5 /* Products */ = {
			isa = PBXGroup;
			children = (
				AAD406EC1D5C6EFA009D18D5 /* Housing.app */,
			);
			name = Products;
			sourceTree = "<group>";
		};
		AAD406EE1D5C6EFA009D18D5 /* Housing */ = {
			isa = PBXGroup;
			children = (
				AA99DFD61E163E1500F61A79 /* Tachograph */,
				AA99DFFC1E163E3C00F61A79 /* Utility */,
				AA20C07C1D640C10009D3A45 /* DataBase */,
				AA6F32E91D5DBBA2002CDAB1 /* resource */,
				AADD70871D62B1690081D986 /* ThridPart */,
				AADD70A51D62B8030081D986 /* Objective-C */,
				AADD70AC1D62BC010081D986 /* ViewControllers */,
				AADD708C1D62B1C10081D986 /* Housing-Bridging-Header.h */,
				AAD406EF1D5C6EFA009D18D5 /* AppDelegate.swift */,
				AAD406F11D5C6EFA009D18D5 /* ViewController.swift */,
				AAD3F48B1D61BD170053F641 /* BaseViewController.swift */,
				AAD406F31D5C6EFA009D18D5 /* Main.storyboard */,
				AAD406F61D5C6EFA009D18D5 /* Assets.xcassets */,
				AA99E0311E163E5A00F61A79 /* Resources.bundle */,
				AAD406F81D5C6EFA009D18D5 /* LaunchScreen.storyboard */,
				AAD406FB1D5C6EFA009D18D5 /* Info.plist */,
			);
			path = Housing;
			sourceTree = "<group>";
		};
		AADD70871D62B1690081D986 /* ThridPart */ = {
			isa = PBXGroup;
			children = (
				AA6FFE081D65BD9A009AD328 /* AMap */,
				AA6FFDED1D65A9B2009AD328 /* Route */,
				AADD708E1D62B6770081D986 /* fmdb */,
				AADD709A1D62B6770081D986 /* MJNIndexView */,
			);
			name = ThridPart;
			path = Body/ThridPart;
			sourceTree = "<group>";
		};
		AADD708E1D62B6770081D986 /* fmdb */ = {
			isa = PBXGroup;
			children = (
				AADD708F1D62B6770081D986 /* FMDatabase.h */,
				AADD70901D62B6770081D986 /* FMDatabase.m */,
				AADD70911D62B6770081D986 /* FMDatabaseAdditions.h */,
				AADD70921D62B6770081D986 /* FMDatabaseAdditions.m */,
				AADD70931D62B6770081D986 /* FMDatabasePool.h */,
				AADD70941D62B6770081D986 /* FMDatabasePool.m */,
				AADD70951D62B6770081D986 /* FMDatabaseQueue.h */,
				AADD70961D62B6770081D986 /* FMDatabaseQueue.m */,
				AADD70971D62B6770081D986 /* FMDB.h */,
				AADD70981D62B6770081D986 /* FMResultSet.h */,
				AADD70991D62B6770081D986 /* FMResultSet.m */,
			);
			path = fmdb;
			sourceTree = "<group>";
		};
		AADD709A1D62B6770081D986 /* MJNIndexView */ = {
			isa = PBXGroup;
			children = (
				AADD709B1D62B6770081D986 /* MJNIndexView.h */,
				AADD709C1D62B6770081D986 /* MJNIndexView.m */,
			);
			path = MJNIndexView;
			sourceTree = "<group>";
		};
		AADD70A51D62B8030081D986 /* Objective-C */ = {
			isa = PBXGroup;
			children = (
				AADD70A61D62B8100081D986 /* DataBase.h */,
				AADD70A71D62B8100081D986 /* DataBase.m */,
				AADD70A81D62B8100081D986 /* DrugSearchModel.h */,
				AADD70A91D62B8100081D986 /* DrugSearchModel.m */,
			);
			name = "Objective-C";
			path = "Body/Objective-C";
			sourceTree = "<group>";
		};
		AADD70AC1D62BC010081D986 /* ViewControllers */ = {
			isa = PBXGroup;
			children = (
				AADD70AD1D62BC010081D986 /* CoreAnimation */,
				AADD70AE1D62BC010081D986 /* CustomView */,
				AADD70B01D62BC010081D986 /* UIKit */,
				AADD70B11D62BC010081D986 /* ViewControllers */,
				AA6FFD751D658583009AD328 /* MapView */,
			);
			name = ViewControllers;
			path = Body/ViewControllers;
			sourceTree = "<group>";
		};
		AADD70AD1D62BC010081D986 /* CoreAnimation */ = {
			isa = PBXGroup;
			children = (
			);
			path = CoreAnimation;
			sourceTree = "<group>";
		};
		AADD70AE1D62BC010081D986 /* CustomView */ = {
			isa = PBXGroup;
			children = (
				AADD70AF1D62BC010081D986 /* CustomViewController.swift */,
			);
			path = CustomView;
			sourceTree = "<group>";
		};
		AADD70B01D62BC010081D986 /* UIKit */ = {
			isa = PBXGroup;
			children = (
			);
			path = UIKit;
			sourceTree = "<group>";
		};
		AADD70B11D62BC010081D986 /* ViewControllers */ = {
			isa = PBXGroup;
			children = (
				AADD70B21D62BC010081D986 /* CollectionViewController */,
				AADD70B41D62BC010081D986 /* CustomTabBarController */,
				AADD70B61D62BC010081D986 /* NavigationController */,
				AADD70B81D62BC010081D986 /* TabBarController */,
				AADD70BA1D62BC010081D986 /* TableViewController */,
			);
			path = ViewControllers;
			sourceTree = "<group>";
		};
		AADD70B21D62BC010081D986 /* CollectionViewController */ = {
			isa = PBXGroup;
			children = (
				AADD70B31D62BC010081D986 /* CollectionViewController.swift */,
				AADD70C21D62BC930081D986 /* CollectionView1.swift */,
			);
			path = CollectionViewController;
			sourceTree = "<group>";
		};
		AADD70B41D62BC010081D986 /* CustomTabBarController */ = {
			isa = PBXGroup;
			children = (
				AADD70B51D62BC010081D986 /* CustomTabBarController.swift */,
			);
			path = CustomTabBarController;
			sourceTree = "<group>";
		};
		AADD70B61D62BC010081D986 /* NavigationController */ = {
			isa = PBXGroup;
			children = (
				AADD70B71D62BC010081D986 /* NavigationController.swift */,
			);
			path = NavigationController;
			sourceTree = "<group>";
		};
		AADD70B81D62BC010081D986 /* TabBarController */ = {
			isa = PBXGroup;
			children = (
				AADD70B91D62BC010081D986 /* TabBarController.swift */,
			);
			path = TabBarController;
			sourceTree = "<group>";
		};
		AADD70BA1D62BC010081D986 /* TableViewController */ = {
			isa = PBXGroup;
			children = (
				AADD70BB1D62BC010081D986 /* TableViewController.swift */,
				AADD70C41D62BFF60081D986 /* TableViewController1.swift */,
				AA20C07A1D640307009D3A45 /* TableViewController2.swift */,
			);
			path = TableViewController;
			sourceTree = "<group>";
		};
		DD92FD6CE9C2C5A3AC2BD643 /* Frameworks */ = {
			isa = PBXGroup;
			children = (
				AADD70A31D62B7430081D986 /* libsqlite3.0.tbd */,
				41E2D075F2FEC6E3C65E086F /* Pods_Housing.framework */,
			);
			name = Frameworks;
			sourceTree = "<group>";
		};
/* End PBXGroup section */

/* Begin PBXNativeTarget section */
		AAD406EB1D5C6EFA009D18D5 /* Housing */ = {
			isa = PBXNativeTarget;
			buildConfigurationList = AAD406FE1D5C6EFA009D18D5 /* Build configuration list for PBXNativeTarget "Housing" */;
			buildPhases = (
				DB1691F38FCF96F6C368C16A /* [CP] Check Pods Manifest.lock */,
				AAD406E81D5C6EFA009D18D5 /* Sources */,
				AAD406E91D5C6EFA009D18D5 /* Frameworks */,
				AAD406EA1D5C6EFA009D18D5 /* Resources */,
				C50F0055268B0E1A53770744 /* [CP] Embed Pods Frameworks */,
				7DF7B7BAF58D248D3C012F15 /* [CP] Copy Pods Resources */,
			);
			buildRules = (
			);
			dependencies = (
			);
			name = Housing;
			productName = Housing;
			productReference = AAD406EC1D5C6EFA009D18D5 /* Housing.app */;
			productType = "com.apple.product-type.application";
		};
/* End PBXNativeTarget section */

/* Begin PBXProject section */
		AAD406E41D5C6EFA009D18D5 /* Project object */ = {
			isa = PBXProject;
			attributes = {
				LastSwiftUpdateCheck = 0730;
				LastUpgradeCheck = 0810;
				ORGANIZATIONNAME = Housing;
				TargetAttributes = {
					AAD406EB1D5C6EFA009D18D5 = {
						CreatedOnToolsVersion = 7.3;
						DevelopmentTeam = MLRN73NFF6;
						LastSwiftMigration = 0810;
					};
				};
			};
			buildConfigurationList = AAD406E71D5C6EFA009D18D5 /* Build configuration list for PBXProject "Housing" */;
			compatibilityVersion = "Xcode 3.2";
			developmentRegion = English;
			hasScannedForEncodings = 0;
			knownRegions = (
				en,
				Base,
			);
			mainGroup = AAD406E31D5C6EFA009D18D5;
			productRefGroup = AAD406ED1D5C6EFA009D18D5 /* Products */;
			projectDirPath = "";
			projectRoot = "";
			targets = (
				AAD406EB1D5C6EFA009D18D5 /* Housing */,
			);
		};
/* End PBXProject section */

/* Begin PBXResourcesBuildPhase section */
		AAD406EA1D5C6EFA009D18D5 /* Resources */ = {
			isa = PBXResourcesBuildPhase;
			buildActionMask = 2147483647;
			files = (
				AA6F33191D5DBBA2002CDAB1 /* 16.jpg in Resources */,
				AA6F33171D5DBBA2002CDAB1 /* 14.jpg in Resources */,
				AA6F33141D5DBBA2002CDAB1 /* 11.jpg in Resources */,
				AA6F33121D5DBBA2002CDAB1 /* 09.jpg in Resources */,
				AA6F330C1D5DBBA2002CDAB1 /* 03.jpg in Resources */,
				AA6F33111D5DBBA2002CDAB1 /* 08.jpg in Resources */,
				AA6F330D1D5DBBA2002CDAB1 /* 04.jpg in Resources */,
				AA6F33181D5DBBA2002CDAB1 /* 15.jpg in Resources */,
				AA6F33161D5DBBA2002CDAB1 /* 13.jpg in Resources */,
				AA6F330A1D5DBBA2002CDAB1 /* 01.jpg in Resources */,
				AA6F330B1D5DBBA2002CDAB1 /* 02.jpg in Resources */,
				AA6F331C1D5DBBA2002CDAB1 /* 19.jpg in Resources */,
				AA6FFE011D65A9B2009AD328 /* location_no@2x.png in Resources */,
				AA1FCC9A1D66B83500B78117 /* download@3x.png in Resources */,
				AA6F330E1D5DBBA2002CDAB1 /* 05.jpg in Resources */,
				AA6F331F1D5DBBA2002CDAB1 /* 22.jpg in Resources */,
				AA20C0A01D646870009D3A45 /* Icon.png in Resources */,
				AA6F331B1D5DBBA2002CDAB1 /* 18.jpg in Resources */,
				AA6F33151D5DBBA2002CDAB1 /* 12.jpg in Resources */,
				AA1FCC9B1D66B83500B78117 /* delete@3x.png in Resources */,
				AA6FFE001D65A9B2009AD328 /* icon_stop@2x.png in Resources */,
				AA20C0A11D646870009D3A45 /* Icon@2x.png in Resources */,
				AA6F33101D5DBBA2002CDAB1 /* 07.jpg in Resources */,
				AADD70851D62B1350081D986 /* dataBase0.jpg in Resources */,
				AA6F33131D5DBBA2002CDAB1 /* 10.jpg in Resources */,
				AA6F331A1D5DBBA2002CDAB1 /* 17.jpg in Resources */,
				AA99E0321E163E5A00F61A79 /* Resources.bundle in Resources */,
				AA6FFDFB1D65A9B2009AD328 /* aeroplane@2x.png in Resources */,
				AA6FFDFF1D65A9B2009AD328 /* icon_play@2x.png in Resources */,
				AA1FCC9C1D66B83500B78117 /* pause@3x.png in Resources */,
				AA6FFE021D65A9B2009AD328 /* location_yes@2x.png in Resources */,
				AA6F330F1D5DBBA2002CDAB1 /* 06.jpg in Resources */,
				AAD406FA1D5C6EFA009D18D5 /* LaunchScreen.storyboard in Resources */,
				AA6F331E1D5DBBA2002CDAB1 /* 21.jpg in Resources */,
				AA6F33091D5DBBA2002CDAB1 /* 00.jpg in Resources */,
				AA6FFDFE1D65A9B2009AD328 /* icon_list@2x.png in Resources */,
				AA6F33201D5DBBA2002CDAB1 /* 23.jpg in Resources */,
				AA20C07E1D640C10009D3A45 /* T_DrugName.db in Resources */,
				AAD406F71D5C6EFA009D18D5 /* Assets.xcassets in Resources */,
				AA20C0A21D646870009D3A45 /* Icon120.png in Resources */,
				AAD406F51D5C6EFA009D18D5 /* Main.storyboard in Resources */,
				AADD70861D62B1350081D986 /* dataBase1.jpg in Resources */,
				AA6F331D1D5DBBA2002CDAB1 /* 20.jpg in Resources */,
			);
			runOnlyForDeploymentPostprocessing = 0;
		};
/* End PBXResourcesBuildPhase section */

/* Begin PBXShellScriptBuildPhase section */
		7DF7B7BAF58D248D3C012F15 /* [CP] Copy Pods Resources */ = {
			isa = PBXShellScriptBuildPhase;
			buildActionMask = 2147483647;
			files = (
			);
			inputPaths = (
			);
			name = "[CP] Copy Pods Resources";
			outputPaths = (
			);
			runOnlyForDeploymentPostprocessing = 0;
			shellPath = /bin/sh;
			shellScript = "\"${SRCROOT}/Pods/Target Support Files/Pods-Housing/Pods-Housing-resources.sh\"\n";
			showEnvVarsInLog = 0;
		};
		C50F0055268B0E1A53770744 /* [CP] Embed Pods Frameworks */ = {
			isa = PBXShellScriptBuildPhase;
			buildActionMask = 2147483647;
			files = (
			);
			inputPaths = (
			);
			name = "[CP] Embed Pods Frameworks";
			outputPaths = (
			);
			runOnlyForDeploymentPostprocessing = 0;
			shellPath = /bin/sh;
			shellScript = "\"${SRCROOT}/Pods/Target Support Files/Pods-Housing/Pods-Housing-frameworks.sh\"\n";
			showEnvVarsInLog = 0;
		};
		DB1691F38FCF96F6C368C16A /* [CP] Check Pods Manifest.lock */ = {
			isa = PBXShellScriptBuildPhase;
			buildActionMask = 2147483647;
			files = (
			);
			inputPaths = (
			);
			name = "[CP] Check Pods Manifest.lock";
			outputPaths = (
			);
			runOnlyForDeploymentPostprocessing = 0;
			shellPath = /bin/sh;
			shellScript = "diff \"${PODS_ROOT}/../Podfile.lock\" \"${PODS_ROOT}/Manifest.lock\" > /dev/null\nif [[ $? != 0 ]] ; then\n    cat << EOM\nerror: The sandbox is not in sync with the Podfile.lock. Run 'pod install' or update your CocoaPods installation.\nEOM\n    exit 1\nfi\n";
			showEnvVarsInLog = 0;
		};
/* End PBXShellScriptBuildPhase section */

/* Begin PBXSourcesBuildPhase section */
		AAD406E81D5C6EFA009D18D5 /* Sources */ = {
			isa = PBXSourcesBuildPhase;
			buildActionMask = 2147483647;
			files = (
				AAD406F21D5C6EFA009D18D5 /* ViewController.swift in Sources */,
				AA99DFF91E163E1500F61A79 /* MusicPlayViewController.swift in Sources */,
				AADD70C11D62BC010081D986 /* TableViewController.swift in Sources */,
				AA2A105F1E16491300C549FA /* Extension_UIControl.swift in Sources */,
				AA2A10641E16491300C549FA /* Extension_UIScreen.swift in Sources */,
				AA99DFF11E163E1500F61A79 /* CaptureView.swift in Sources */,
				AADD709D1D62B6770081D986 /* FMDatabase.m in Sources */,
				AA99DFF81E163E1500F61A79 /* MusicListViewController.swift in Sources */,
				AA99E0461E16411100F61A79 /* AppColorConfigure.swift in Sources */,
				AADD70A11D62B6770081D986 /* FMResultSet.m in Sources */,
				AA2A105B1E16491300C549FA /* Extension_UIApplication.swift in Sources */,
				AA2A10671E16491300C549FA /* Extension_UIView.swift in Sources */,
				AA6FFE041D65A9B2009AD328 /* RecordViewController.swift in Sources */,
				AA6FFD771D6585B2009AD328 /* MapViewController.swift in Sources */,
				AADD70A01D62B6770081D986 /* FMDatabaseQueue.m in Sources */,
				AA2A10651E16491300C549FA /* Extension_UIScrollView.swift in Sources */,
				AA2A10601E16491300C549FA /* Extension_UIDevice.swift in Sources */,
				AADD70BD1D62BC010081D986 /* CollectionViewController.swift in Sources */,
				AA99E0481E16411100F61A79 /* AppConfigure.swift in Sources */,
				AA2A105D1E16491300C549FA /* Extension_UIBezierPath.swift in Sources */,
				AADD70AA1D62B8100081D986 /* DataBase.m in Sources */,
				AA6FFE051D65A9B2009AD328 /* Route.swift in Sources */,
				AA2A10591E16491300C549FA /* Extension_NSTimer.swift in Sources */,
				AA99E04D1E16411100F61A79 /* Network.swift in Sources */,
				AA2A10541E16491300C549FA /* Extension_NSKeyedUnarchiver.swift in Sources */,
				AA99DFEC1E163E1500F61A79 /* AssetWriterCoordinator.swift in Sources */,
				AA99DFEB1E163E1500F61A79 /* ADViewController.swift in Sources */,
				AA99DFFB1E163E1500F61A79 /* TabbarView.swift in Sources */,
				AA99DFF61E163E1500F61A79 /* MovieListController.swift in Sources */,
				AA99E04A1E16411100F61A79 /* AppLog.swift in Sources */,
				AA99E0471E16411100F61A79 /* AppCommon.swift in Sources */,
				AA99E04B1E16411100F61A79 /* FileManager.swift in Sources */,
				AA99DFFA1E163E1500F61A79 /* TaSong.swift in Sources */,
				AA99DFF01E163E1500F61A79 /* CaptureSessionMovieFileOutputCoordinator.swift in Sources */,
				AA6FFDFD1D65A9B2009AD328 /* FileHelper.swift in Sources */,
				AA6FFD7C1D658847009AD328 /* MapViewController1.swift in Sources */,
				AADD70BF1D62BC010081D986 /* NavigationController.swift in Sources */,
				AA2A10621E16491300C549FA /* Extension_UIImage.swift in Sources */,
				AAD406F01D5C6EFA009D18D5 /* AppDelegate.swift in Sources */,
				AA2A10661E16491300C549FA /* Extension_UITableView.swift in Sources */,
				AADD70AB1D62B8100081D986 /* DrugSearchModel.m in Sources */,
				AA99E04E1E16411100F61A79 /* NSArray+Log.m in Sources */,
				AA6FFE061D65A9B2009AD328 /* StatusView.swift in Sources */,
				AADD70BE1D62BC010081D986 /* CustomTabBarController.swift in Sources */,
				AADD70C01D62BC010081D986 /* TabBarController.swift in Sources */,
				AA2A10521E16491300C549FA /* Extension_NSDate.swift in Sources */,
				AADD70BC1D62BC010081D986 /* CustomViewController.swift in Sources */,
				AA2A104F1E16491300C549FA /* Extension_NSArray.swift in Sources */,
				AA2A105A1E16491300C549FA /* Extension_String.swift in Sources */,
				AA99DFED1E163E1500F61A79 /* CaptureManager.swift in Sources */,
				AA6FFE0B1D65BD9A009AD328 /* OfflineDetailViewController.m in Sources */,
				AA2A10531E16491300C549FA /* Extension_NSDictionary.swift in Sources */,
				AADD70A21D62B6770081D986 /* MJNIndexView.m in Sources */,
				AA2A10511E16491300C549FA /* Extension_NSData.swift in Sources */,
				AA2A10611E16491300C549FA /* Extension_UIFont.swift in Sources */,
				AA2A10581E16491300C549FA /* Extension_NSThread.swift in Sources */,
				AA99E0501E16411100F61A79 /* NSDictionary+NullSafe.m in Sources */,
				AADD70C31D62BC930081D986 /* CollectionView1.swift in Sources */,
				AA99DFF41E163E1500F61A79 /* TachographMainViewController.swift in Sources */,
				AA2A10571E16491300C549FA /* Extension_NSObject.swift in Sources */,
				AA2A105C1E16491300C549FA /* Extension_UIBarButtonItem.swift in Sources */,
				AADD709E1D62B6770081D986 /* FMDatabaseAdditions.m in Sources */,
				AA2A10551E16491300C549FA /* Extension_NSNotificationCenter.swift in Sources */,
				AA99E0511E16411100F61A79 /* String+Hash.swift in Sources */,
				AA20C07B1D640307009D3A45 /* TableViewController2.swift in Sources */,
				AA2A10501E16491300C549FA /* Extension_NSBundle.swift in Sources */,
				AA29BE361E1CD7CA00AEBEC2 /* Extension_UIViewController.swift in Sources */,
				AA6FFE031D65A9B2009AD328 /* MainViewController.swift in Sources */,
				AA2A10631E16491300C549FA /* Extension_UIImageView.swift in Sources */,
				AA99DFEF1E163E1500F61A79 /* CaptureSessionCoordinator.swift in Sources */,
				AA6FFE071D65A9B2009AD328 /* TipView.swift in Sources */,
				AA99DFF31E163E1500F61A79 /* MainView.swift in Sources */,
				AA99E04F1E16411100F61A79 /* NSData+SDDataCache.m in Sources */,
				AAD3F48C1D61BD170053F641 /* BaseViewController.swift in Sources */,
				AADD70C51D62BFF60081D986 /* TableViewController1.swift in Sources */,
				AA99DFF71E163E1500F61A79 /* MoviePlayerController.swift in Sources */,
				AA2A105E1E16491300C549FA /* Extension_UIColor.swift in Sources */,
				AA6FFDFC1D65A9B2009AD328 /* DisplayViewController.swift in Sources */,
				AA99DFF51E163E1500F61A79 /* MapView.swift in Sources */,
				AA2A10561E16491300C549FA /* Extension_NSNumber.swift in Sources */,
				AA1FCC961D66B4B900B78117 /* MAHeaderView.m in Sources */,
				AA99E04C1E16411100F61A79 /* GHConst.m in Sources */,
				AA99E0491E16411100F61A79 /* AppExtension.swift in Sources */,
				AA99E0521E16411100F61A79 /* UIImage+BundleImage.m in Sources */,
				AA99DFEE1E163E1500F61A79 /* CaptureSessionAssetWriterCoordinator.swift in Sources */,
				AADD709F1D62B6770081D986 /* FMDatabasePool.m in Sources */,
			);
			runOnlyForDeploymentPostprocessing = 0;
		};
/* End PBXSourcesBuildPhase section */

/* Begin PBXVariantGroup section */
		AAD406F31D5C6EFA009D18D5 /* Main.storyboard */ = {
			isa = PBXVariantGroup;
			children = (
				AAD406F41D5C6EFA009D18D5 /* Base */,
			);
			name = Main.storyboard;
			sourceTree = "<group>";
		};
		AAD406F81D5C6EFA009D18D5 /* LaunchScreen.storyboard */ = {
			isa = PBXVariantGroup;
			children = (
				AAD406F91D5C6EFA009D18D5 /* Base */,
			);
			name = LaunchScreen.storyboard;
			sourceTree = "<group>";
		};
/* End PBXVariantGroup section */

/* Begin XCBuildConfiguration section */
		AAD406FC1D5C6EFA009D18D5 /* Debug */ = {
			isa = XCBuildConfiguration;
			buildSettings = {
				ALWAYS_SEARCH_USER_PATHS = NO;
				CLANG_ANALYZER_NONNULL = YES;
				CLANG_CXX_LANGUAGE_STANDARD = "gnu++0x";
				CLANG_CXX_LIBRARY = "libc++";
				CLANG_ENABLE_MODULES = YES;
				CLANG_ENABLE_OBJC_ARC = YES;
				CLANG_WARN_BOOL_CONVERSION = YES;
				CLANG_WARN_CONSTANT_CONVERSION = YES;
				CLANG_WARN_DIRECT_OBJC_ISA_USAGE = YES_ERROR;
				CLANG_WARN_EMPTY_BODY = YES;
				CLANG_WARN_ENUM_CONVERSION = YES;
				CLANG_WARN_INFINITE_RECURSION = YES;
				CLANG_WARN_INT_CONVERSION = YES;
				CLANG_WARN_OBJC_ROOT_CLASS = YES_ERROR;
				CLANG_WARN_SUSPICIOUS_MOVE = YES;
				CLANG_WARN_UNREACHABLE_CODE = YES;
				CLANG_WARN__DUPLICATE_METHOD_MATCH = YES;
				"CODE_SIGN_IDENTITY[sdk=iphoneos*]" = "iPhone Developer";
				COPY_PHASE_STRIP = NO;
				DEBUG_INFORMATION_FORMAT = dwarf;
				ENABLE_STRICT_OBJC_MSGSEND = YES;
				ENABLE_TESTABILITY = YES;
				GCC_C_LANGUAGE_STANDARD = gnu99;
				GCC_DYNAMIC_NO_PIC = NO;
				GCC_NO_COMMON_BLOCKS = YES;
				GCC_OPTIMIZATION_LEVEL = 0;
				GCC_PREPROCESSOR_DEFINITIONS = (
					"DEBUG=1",
					"$(inherited)",
				);
				GCC_WARN_64_TO_32_BIT_CONVERSION = YES;
				GCC_WARN_ABOUT_RETURN_TYPE = YES_ERROR;
				GCC_WARN_UNDECLARED_SELECTOR = YES;
				GCC_WARN_UNINITIALIZED_AUTOS = YES_AGGRESSIVE;
				GCC_WARN_UNUSED_FUNCTION = YES;
				GCC_WARN_UNUSED_VARIABLE = YES;
				IPHONEOS_DEPLOYMENT_TARGET = 9.3;
				MTL_ENABLE_DEBUG_INFO = YES;
				ONLY_ACTIVE_ARCH = YES;
				SDKROOT = iphoneos;
				SWIFT_OPTIMIZATION_LEVEL = "-Onone";
			};
			name = Debug;
		};
		AAD406FD1D5C6EFA009D18D5 /* Release */ = {
			isa = XCBuildConfiguration;
			buildSettings = {
				ALWAYS_SEARCH_USER_PATHS = NO;
				CLANG_ANALYZER_NONNULL = YES;
				CLANG_CXX_LANGUAGE_STANDARD = "gnu++0x";
				CLANG_CXX_LIBRARY = "libc++";
				CLANG_ENABLE_MODULES = YES;
				CLANG_ENABLE_OBJC_ARC = YES;
				CLANG_WARN_BOOL_CONVERSION = YES;
				CLANG_WARN_CONSTANT_CONVERSION = YES;
				CLANG_WARN_DIRECT_OBJC_ISA_USAGE = YES_ERROR;
				CLANG_WARN_EMPTY_BODY = YES;
				CLANG_WARN_ENUM_CONVERSION = YES;
				CLANG_WARN_INFINITE_RECURSION = YES;
				CLANG_WARN_INT_CONVERSION = YES;
				CLANG_WARN_OBJC_ROOT_CLASS = YES_ERROR;
				CLANG_WARN_SUSPICIOUS_MOVE = YES;
				CLANG_WARN_UNREACHABLE_CODE = YES;
				CLANG_WARN__DUPLICATE_METHOD_MATCH = YES;
				"CODE_SIGN_IDENTITY[sdk=iphoneos*]" = "iPhone Developer";
				COPY_PHASE_STRIP = NO;
				DEBUG_INFORMATION_FORMAT = "dwarf-with-dsym";
				ENABLE_NS_ASSERTIONS = NO;
				ENABLE_STRICT_OBJC_MSGSEND = YES;
				GCC_C_LANGUAGE_STANDARD = gnu99;
				GCC_NO_COMMON_BLOCKS = YES;
				GCC_WARN_64_TO_32_BIT_CONVERSION = YES;
				GCC_WARN_ABOUT_RETURN_TYPE = YES_ERROR;
				GCC_WARN_UNDECLARED_SELECTOR = YES;
				GCC_WARN_UNINITIALIZED_AUTOS = YES_AGGRESSIVE;
				GCC_WARN_UNUSED_FUNCTION = YES;
				GCC_WARN_UNUSED_VARIABLE = YES;
				IPHONEOS_DEPLOYMENT_TARGET = 9.3;
				MTL_ENABLE_DEBUG_INFO = NO;
				SDKROOT = iphoneos;
				SWIFT_OPTIMIZATION_LEVEL = "-Owholemodule";
				VALIDATE_PRODUCT = YES;
			};
			name = Release;
		};
		AAD406FF1D5C6EFA009D18D5 /* Debug */ = {
			isa = XCBuildConfiguration;
			baseConfigurationReference = 79E68A5429B31F61C8DF525B /* Pods-Housing.debug.xcconfig */;
			buildSettings = {
				ASSETCATALOG_COMPILER_APPICON_NAME = AppIcon;
				CLANG_ALLOW_NON_MODULAR_INCLUDES_IN_FRAMEWORK_MODULES = NO;
				CLANG_ENABLE_MODULES = YES;
				CODE_SIGN_IDENTITY = "iPhone Developer";
				DEFINES_MODULE = YES;
				INFOPLIST_FILE = Housing/Info.plist;
				IPHONEOS_DEPLOYMENT_TARGET = 9.0;
				LD_RUNPATH_SEARCH_PATHS = "$(inherited) @executable_path/Frameworks";
				PRODUCT_BUNDLE_IDENTIFIER = Housing.Housing;
				PRODUCT_MODULE_NAME = "$(PRODUCT_NAME:c99extidentifier)";
				PRODUCT_NAME = "$(TARGET_NAME)";
				SWIFT_OBJC_BRIDGING_HEADER = "Housing/Housing-Bridging-Header.h";
				SWIFT_OPTIMIZATION_LEVEL = "-Onone";
				SWIFT_VERSION = 3.0;
			};
			name = Debug;
		};
		AAD407001D5C6EFA009D18D5 /* Release */ = {
			isa = XCBuildConfiguration;
			baseConfigurationReference = 83141BFB173305AB063B4E7E /* Pods-Housing.release.xcconfig */;
			buildSettings = {
				ASSETCATALOG_COMPILER_APPICON_NAME = AppIcon;
				CLANG_ALLOW_NON_MODULAR_INCLUDES_IN_FRAMEWORK_MODULES = NO;
				CLANG_ENABLE_MODULES = YES;
				CODE_SIGN_IDENTITY = "iPhone Developer";
				DEFINES_MODULE = YES;
				INFOPLIST_FILE = Housing/Info.plist;
				IPHONEOS_DEPLOYMENT_TARGET = 9.0;
				LD_RUNPATH_SEARCH_PATHS = "$(inherited) @executable_path/Frameworks";
				PRODUCT_BUNDLE_IDENTIFIER = Housing.Housing;
				PRODUCT_MODULE_NAME = "$(PRODUCT_NAME:c99extidentifier)";
				PRODUCT_NAME = "$(TARGET_NAME)";
				SWIFT_OBJC_BRIDGING_HEADER = "Housing/Housing-Bridging-Header.h";
				SWIFT_VERSION = 3.0;
			};
			name = Release;
		};
/* End XCBuildConfiguration section */

/* Begin XCConfigurationList section */
		AAD406E71D5C6EFA009D18D5 /* Build configuration list for PBXProject "Housing" */ = {
			isa = XCConfigurationList;
			buildConfigurations = (
				AAD406FC1D5C6EFA009D18D5 /* Debug */,
				AAD406FD1D5C6EFA009D18D5 /* Release */,
			);
			defaultConfigurationIsVisible = 0;
			defaultConfigurationName = Release;
		};
		AAD406FE1D5C6EFA009D18D5 /* Build configuration list for PBXNativeTarget "Housing" */ = {
			isa = XCConfigurationList;
			buildConfigurations = (
				AAD406FF1D5C6EFA009D18D5 /* Debug */,
				AAD407001D5C6EFA009D18D5 /* Release */,
			);
			defaultConfigurationIsVisible = 0;
			defaultConfigurationName = Release;
		};
/* End XCConfigurationList section */
	};
	rootObject = AAD406E41D5C6EFA009D18D5 /* Project object */;
}
