// !$*UTF8*$!
{
	archiveVersion = 1;
	classes = {
	};
	objectVersion = 46;
	objects = {

/* Begin PBXBuildFile section */
		AA436EB61E1F767A00985B4F /* BaseViewController.swift in Sources */ = {isa = PBXBuildFile; fileRef = AA436EB41E1F767A00985B4F /* BaseViewController.swift */; };
		AA436EB71E1F767A00985B4F /* ViewController.swift in Sources */ = {isa = PBXBuildFile; fileRef = AA436EB51E1F767A00985B4F /* ViewController.swift */; };
		AA436F571E1F787400985B4F /* Extension_NSArray.swift in Sources */ = {isa = PBXBuildFile; fileRef = AA436EBB1E1F787400985B4F /* Extension_NSArray.swift */; };
		AA436F581E1F787400985B4F /* Extension_NSBundle.swift in Sources */ = {isa = PBXBuildFile; fileRef = AA436EBC1E1F787400985B4F /* Extension_NSBundle.swift */; };
		AA436F591E1F787400985B4F /* Extension_NSData.swift in Sources */ = {isa = PBXBuildFile; fileRef = AA436EBD1E1F787400985B4F /* Extension_NSData.swift */; };
		AA436F5A1E1F787400985B4F /* Extension_NSDate.swift in Sources */ = {isa = PBXBuildFile; fileRef = AA436EBE1E1F787400985B4F /* Extension_NSDate.swift */; };
		AA436F5B1E1F787400985B4F /* Extension_NSDictionary.swift in Sources */ = {isa = PBXBuildFile; fileRef = AA436EBF1E1F787400985B4F /* Extension_NSDictionary.swift */; };
		AA436F5C1E1F787400985B4F /* Extension_NSKeyedUnarchiver.swift in Sources */ = {isa = PBXBuildFile; fileRef = AA436EC01E1F787400985B4F /* Extension_NSKeyedUnarchiver.swift */; };
		AA436F5D1E1F787400985B4F /* Extension_NSNotificationCenter.swift in Sources */ = {isa = PBXBuildFile; fileRef = AA436EC11E1F787400985B4F /* Extension_NSNotificationCenter.swift */; };
		AA436F5E1E1F787400985B4F /* Extension_NSNumber.swift in Sources */ = {isa = PBXBuildFile; fileRef = AA436EC21E1F787400985B4F /* Extension_NSNumber.swift */; };
		AA436F5F1E1F787400985B4F /* Extension_NSObject.swift in Sources */ = {isa = PBXBuildFile; fileRef = AA436EC31E1F787400985B4F /* Extension_NSObject.swift */; };
		AA436F601E1F787400985B4F /* Extension_NSThread.swift in Sources */ = {isa = PBXBuildFile; fileRef = AA436EC41E1F787400985B4F /* Extension_NSThread.swift */; };
		AA436F611E1F787400985B4F /* Extension_NSTimer.swift in Sources */ = {isa = PBXBuildFile; fileRef = AA436EC51E1F787400985B4F /* Extension_NSTimer.swift */; };
		AA436F621E1F787400985B4F /* Extension_String.swift in Sources */ = {isa = PBXBuildFile; fileRef = AA436EC61E1F787400985B4F /* Extension_String.swift */; };
		AA436F631E1F787400985B4F /* Extension_UIApplication.swift in Sources */ = {isa = PBXBuildFile; fileRef = AA436EC81E1F787400985B4F /* Extension_UIApplication.swift */; };
		AA436F641E1F787400985B4F /* Extension_UIBarButtonItem.swift in Sources */ = {isa = PBXBuildFile; fileRef = AA436EC91E1F787400985B4F /* Extension_UIBarButtonItem.swift */; };
		AA436F651E1F787400985B4F /* Extension_UIBezierPath.swift in Sources */ = {isa = PBXBuildFile; fileRef = AA436ECA1E1F787400985B4F /* Extension_UIBezierPath.swift */; };
		AA436F661E1F787400985B4F /* Extension_UIColor.swift in Sources */ = {isa = PBXBuildFile; fileRef = AA436ECB1E1F787400985B4F /* Extension_UIColor.swift */; };
		AA436F671E1F787400985B4F /* Extension_UIControl.swift in Sources */ = {isa = PBXBuildFile; fileRef = AA436ECC1E1F787400985B4F /* Extension_UIControl.swift */; };
		AA436F681E1F787400985B4F /* Extension_UIDevice.swift in Sources */ = {isa = PBXBuildFile; fileRef = AA436ECD1E1F787400985B4F /* Extension_UIDevice.swift */; };
		AA436F691E1F787400985B4F /* Extension_UIFont.swift in Sources */ = {isa = PBXBuildFile; fileRef = AA436ECE1E1F787400985B4F /* Extension_UIFont.swift */; };
		AA436F6A1E1F787400985B4F /* Extension_UIImage.swift in Sources */ = {isa = PBXBuildFile; fileRef = AA436ECF1E1F787400985B4F /* Extension_UIImage.swift */; };
		AA436F6B1E1F787400985B4F /* Extension_UIImageView.swift in Sources */ = {isa = PBXBuildFile; fileRef = AA436ED01E1F787400985B4F /* Extension_UIImageView.swift */; };
		AA436F6C1E1F787400985B4F /* Extension_UIScreen.swift in Sources */ = {isa = PBXBuildFile; fileRef = AA436ED11E1F787400985B4F /* Extension_UIScreen.swift */; };
		AA436F6D1E1F787400985B4F /* Extension_UIScrollView.swift in Sources */ = {isa = PBXBuildFile; fileRef = AA436ED21E1F787400985B4F /* Extension_UIScrollView.swift */; };
		AA436F6E1E1F787400985B4F /* Extension_UITableView.swift in Sources */ = {isa = PBXBuildFile; fileRef = AA436ED31E1F787400985B4F /* Extension_UITableView.swift */; };
		AA436F6F1E1F787400985B4F /* Extension_UIView.swift in Sources */ = {isa = PBXBuildFile; fileRef = AA436ED41E1F787400985B4F /* Extension_UIView.swift */; };
		AA436F701E1F787400985B4F /* Extension_UIViewController.swift in Sources */ = {isa = PBXBuildFile; fileRef = AA436ED51E1F787400985B4F /* Extension_UIViewController.swift */; };
		AA436F711E1F787400985B4F /* AssetWriterCoordinator.swift in Sources */ = {isa = PBXBuildFile; fileRef = AA436ED81E1F787400985B4F /* AssetWriterCoordinator.swift */; };
		AA436F721E1F787400985B4F /* CaptureManager.swift in Sources */ = {isa = PBXBuildFile; fileRef = AA436ED91E1F787400985B4F /* CaptureManager.swift */; };
		AA436F731E1F787400985B4F /* CaptureSessionAssetWriterCoordinator.swift in Sources */ = {isa = PBXBuildFile; fileRef = AA436EDA1E1F787400985B4F /* CaptureSessionAssetWriterCoordinator.swift */; };
		AA436F741E1F787400985B4F /* CaptureSessionCoordinator.swift in Sources */ = {isa = PBXBuildFile; fileRef = AA436EDB1E1F787400985B4F /* CaptureSessionCoordinator.swift */; };
		AA436F751E1F787400985B4F /* CaptureSessionMovieFileOutputCoordinator.swift in Sources */ = {isa = PBXBuildFile; fileRef = AA436EDC1E1F787400985B4F /* CaptureSessionMovieFileOutputCoordinator.swift */; };
		AA436F761E1F787400985B4F /* CaptureView.swift in Sources */ = {isa = PBXBuildFile; fileRef = AA436EDD1E1F787400985B4F /* CaptureView.swift */; };
		AA436F771E1F787400985B4F /* MainView.swift in Sources */ = {isa = PBXBuildFile; fileRef = AA436EDE1E1F787400985B4F /* MainView.swift */; };
		AA436F781E1F787400985B4F /* MapView.swift in Sources */ = {isa = PBXBuildFile; fileRef = AA436EDF1E1F787400985B4F /* MapView.swift */; };
		AA436F791E1F787400985B4F /* TabbarView.swift in Sources */ = {isa = PBXBuildFile; fileRef = AA436EE01E1F787400985B4F /* TabbarView.swift */; };
		AA436F7A1E1F787400985B4F /* TachographMainViewController.swift in Sources */ = {isa = PBXBuildFile; fileRef = AA436EE11E1F787400985B4F /* TachographMainViewController.swift */; };
		AA436F7B1E1F787400985B4F /* DataBase.m in Sources */ = {isa = PBXBuildFile; fileRef = AA436EE41E1F787400985B4F /* DataBase.m */; };
		AA436F7C1E1F787400985B4F /* DrugSearchModel.m in Sources */ = {isa = PBXBuildFile; fileRef = AA436EE61E1F787400985B4F /* DrugSearchModel.m */; };
		AA436F7D1E1F787400985B4F /* MovieListController.swift in Sources */ = {isa = PBXBuildFile; fileRef = AA436EE81E1F787400985B4F /* MovieListController.swift */; };
		AA436F7E1E1F787400985B4F /* MoviePlayerController.swift in Sources */ = {isa = PBXBuildFile; fileRef = AA436EE91E1F787400985B4F /* MoviePlayerController.swift */; };
		AA436F9F1E1F787400985B4F /* MAHeaderView.m in Sources */ = {isa = PBXBuildFile; fileRef = AA436F0F1E1F787400985B4F /* MAHeaderView.m */; };
		AA436FA01E1F787400985B4F /* OfflineDetailViewController.m in Sources */ = {isa = PBXBuildFile; fileRef = AA436F111E1F787400985B4F /* OfflineDetailViewController.m */; };
		AA436FA11E1F787400985B4F /* FMDatabase.m in Sources */ = {isa = PBXBuildFile; fileRef = AA436F141E1F787400985B4F /* FMDatabase.m */; };
		AA436FA21E1F787400985B4F /* FMDatabaseAdditions.m in Sources */ = {isa = PBXBuildFile; fileRef = AA436F161E1F787400985B4F /* FMDatabaseAdditions.m */; };
		AA436FA31E1F787400985B4F /* FMDatabasePool.m in Sources */ = {isa = PBXBuildFile; fileRef = AA436F181E1F787400985B4F /* FMDatabasePool.m */; };
		AA436FA41E1F787400985B4F /* FMDatabaseQueue.m in Sources */ = {isa = PBXBuildFile; fileRef = AA436F1A1E1F787400985B4F /* FMDatabaseQueue.m */; };
		AA436FA51E1F787400985B4F /* FMResultSet.m in Sources */ = {isa = PBXBuildFile; fileRef = AA436F1D1E1F787400985B4F /* FMResultSet.m */; };
		AA436FA61E1F787400985B4F /* MJNIndexView.m in Sources */ = {isa = PBXBuildFile; fileRef = AA436F201E1F787400985B4F /* MJNIndexView.m */; settings = {COMPILER_FLAGS = "-w"; }; };
		AA436FA71E1F787400985B4F /* aeroplane@2x.png in Resources */ = {isa = PBXBuildFile; fileRef = AA436F221E1F787400985B4F /* aeroplane@2x.png */; };
		AA436FA81E1F787400985B4F /* DisplayViewController.swift in Sources */ = {isa = PBXBuildFile; fileRef = AA436F231E1F787400985B4F /* DisplayViewController.swift */; };
		AA436FAA1E1F787400985B4F /* icon_list@2x.png in Resources */ = {isa = PBXBuildFile; fileRef = AA436F251E1F787400985B4F /* icon_list@2x.png */; };
		AA436FAB1E1F787400985B4F /* icon_play@2x.png in Resources */ = {isa = PBXBuildFile; fileRef = AA436F261E1F787400985B4F /* icon_play@2x.png */; };
		AA436FAC1E1F787400985B4F /* icon_stop@2x.png in Resources */ = {isa = PBXBuildFile; fileRef = AA436F271E1F787400985B4F /* icon_stop@2x.png */; };
		AA436FAD1E1F787400985B4F /* location_no@2x.png in Resources */ = {isa = PBXBuildFile; fileRef = AA436F281E1F787400985B4F /* location_no@2x.png */; };
		AA436FAE1E1F787400985B4F /* location_yes@2x.png in Resources */ = {isa = PBXBuildFile; fileRef = AA436F291E1F787400985B4F /* location_yes@2x.png */; };
		AA436FAF1E1F787400985B4F /* MainViewController.swift in Sources */ = {isa = PBXBuildFile; fileRef = AA436F2A1E1F787400985B4F /* MainViewController.swift */; };
		AA436FB01E1F787400985B4F /* RecordViewController.swift in Sources */ = {isa = PBXBuildFile; fileRef = AA436F2B1E1F787400985B4F /* RecordViewController.swift */; };
		AA436FB11E1F787400985B4F /* Route.swift in Sources */ = {isa = PBXBuildFile; fileRef = AA436F2C1E1F787400985B4F /* Route.swift */; };
		AA436FB21E1F787400985B4F /* StatusView.swift in Sources */ = {isa = PBXBuildFile; fileRef = AA436F2D1E1F787400985B4F /* StatusView.swift */; };
		AA436FB31E1F787400985B4F /* TipView.swift in Sources */ = {isa = PBXBuildFile; fileRef = AA436F2E1E1F787400985B4F /* TipView.swift */; };
		AA436FB61E1F787400985B4F /* AppConfigure.swift in Sources */ = {isa = PBXBuildFile; fileRef = AA436F321E1F787400985B4F /* AppConfigure.swift */; };
		AA436FB81E1F787400985B4F /* AppLog.swift in Sources */ = {isa = PBXBuildFile; fileRef = AA436F341E1F787400985B4F /* AppLog.swift */; };
		AA436FBA1E1F787400985B4F /* GHConst.m in Sources */ = {isa = PBXBuildFile; fileRef = AA436F371E1F787400985B4F /* GHConst.m */; };
		AA436FBD1E1F787400985B4F /* NSData+SDDataCache.m in Sources */ = {isa = PBXBuildFile; fileRef = AA436F3C1E1F787400985B4F /* NSData+SDDataCache.m */; };
		AA436FC11E1F787400985B4F /* CustomViewController.swift in Sources */ = {isa = PBXBuildFile; fileRef = AA436F441E1F787400985B4F /* CustomViewController.swift */; };
		AA436FC21E1F787400985B4F /* MapViewController.swift in Sources */ = {isa = PBXBuildFile; fileRef = AA436F461E1F787400985B4F /* MapViewController.swift */; };
		AA436FC31E1F787400985B4F /* MapViewController1.swift in Sources */ = {isa = PBXBuildFile; fileRef = AA436F471E1F787400985B4F /* MapViewController1.swift */; };
		AA436FC41E1F787400985B4F /* CollectionView1.swift in Sources */ = {isa = PBXBuildFile; fileRef = AA436F4A1E1F787400985B4F /* CollectionView1.swift */; };
		AA436FC51E1F787400985B4F /* CollectionViewController.swift in Sources */ = {isa = PBXBuildFile; fileRef = AA436F4B1E1F787400985B4F /* CollectionViewController.swift */; };
		AA436FC61E1F787400985B4F /* CustomTabBarController.swift in Sources */ = {isa = PBXBuildFile; fileRef = AA436F4D1E1F787400985B4F /* CustomTabBarController.swift */; };
		AA436FC71E1F787400985B4F /* NavigationController.swift in Sources */ = {isa = PBXBuildFile; fileRef = AA436F4F1E1F787400985B4F /* NavigationController.swift */; };
		AA436FC81E1F787400985B4F /* TabBarController.swift in Sources */ = {isa = PBXBuildFile; fileRef = AA436F511E1F787400985B4F /* TabBarController.swift */; };
		AA436FC91E1F787400985B4F /* TableViewController.swift in Sources */ = {isa = PBXBuildFile; fileRef = AA436F531E1F787400985B4F /* TableViewController.swift */; };
		AA436FCA1E1F787400985B4F /* TableViewController1.swift in Sources */ = {isa = PBXBuildFile; fileRef = AA436F541E1F787400985B4F /* TableViewController1.swift */; };
		AA436FCB1E1F787400985B4F /* TableViewController2.swift in Sources */ = {isa = PBXBuildFile; fileRef = AA436F551E1F787400985B4F /* TableViewController2.swift */; };
		AA436FCF1E1F78AB00985B4F /* T_DrugName.db in Resources */ = {isa = PBXBuildFile; fileRef = AA436FCE1E1F78AB00985B4F /* T_DrugName.db */; };
		AA76DB5A1E1F8A07002D0A76 /* Icon.png in Resources */ = {isa = PBXBuildFile; fileRef = AA76DB571E1F8A07002D0A76 /* Icon.png */; };
		AA76DB5B1E1F8A07002D0A76 /* Icon@2x.png in Resources */ = {isa = PBXBuildFile; fileRef = AA76DB581E1F8A07002D0A76 /* Icon@2x.png */; };
		AA76DB5C1E1F8A07002D0A76 /* Icon120.png in Resources */ = {isa = PBXBuildFile; fileRef = AA76DB591E1F8A07002D0A76 /* Icon120.png */; };
		AA99E0321E163E5A00F61A79 /* Resources.bundle in Resources */ = {isa = PBXBuildFile; fileRef = AA99E0311E163E5A00F61A79 /* Resources.bundle */; };
		AAD406F01D5C6EFA009D18D5 /* AppDelegate.swift in Sources */ = {isa = PBXBuildFile; fileRef = AAD406EF1D5C6EFA009D18D5 /* AppDelegate.swift */; };
		AAD406F71D5C6EFA009D18D5 /* Assets.xcassets in Resources */ = {isa = PBXBuildFile; fileRef = AAD406F61D5C6EFA009D18D5 /* Assets.xcassets */; };
		AAD406FA1D5C6EFA009D18D5 /* LaunchScreen.storyboard in Resources */ = {isa = PBXBuildFile; fileRef = AAD406F81D5C6EFA009D18D5 /* LaunchScreen.storyboard */; };
		AADD70A41D62B7430081D986 /* libsqlite3.0.tbd in Frameworks */ = {isa = PBXBuildFile; fileRef = AADD70A31D62B7430081D986 /* libsqlite3.0.tbd */; };
		AAF9FB8B1E24713200584BF7 /* Extension_FileManager.swift in Sources */ = {isa = PBXBuildFile; fileRef = AAF9FB8A1E24713200584BF7 /* Extension_FileManager.swift */; };
		C275F52C023BB74D1A4B3258 /* Pods_Housing.framework in Frameworks */ = {isa = PBXBuildFile; fileRef = 41E2D075F2FEC6E3C65E086F /* Pods_Housing.framework */; };
/* End PBXBuildFile section */

/* Begin PBXFileReference section */
		41E2D075F2FEC6E3C65E086F /* Pods_Housing.framework */ = {isa = PBXFileReference; explicitFileType = wrapper.framework; includeInIndex = 0; path = Pods_Housing.framework; sourceTree = BUILT_PRODUCTS_DIR; };
		79E68A5429B31F61C8DF525B /* Pods-Housing.debug.xcconfig */ = {isa = PBXFileReference; includeInIndex = 1; lastKnownFileType = text.xcconfig; name = "Pods-Housing.debug.xcconfig"; path = "Pods/Target Support Files/Pods-Housing/Pods-Housing.debug.xcconfig"; sourceTree = "<group>"; };
		83141BFB173305AB063B4E7E /* Pods-Housing.release.xcconfig */ = {isa = PBXFileReference; includeInIndex = 1; lastKnownFileType = text.xcconfig; name = "Pods-Housing.release.xcconfig"; path = "Pods/Target Support Files/Pods-Housing/Pods-Housing.release.xcconfig"; sourceTree = "<group>"; };
		AA436EB41E1F767A00985B4F /* BaseViewController.swift */ = {isa = PBXFileReference; fileEncoding = 4; lastKnownFileType = sourcecode.swift; name = BaseViewController.swift; path = Body/BaseViewController.swift; sourceTree = "<group>"; };
		AA436EB51E1F767A00985B4F /* ViewController.swift */ = {isa = PBXFileReference; fileEncoding = 4; lastKnownFileType = sourcecode.swift; name = ViewController.swift; path = Body/ViewController.swift; sourceTree = "<group>"; };
		AA436EBB1E1F787400985B4F /* Extension_NSArray.swift */ = {isa = PBXFileReference; fileEncoding = 4; lastKnownFileType = sourcecode.swift; path = Extension_NSArray.swift; sourceTree = "<group>"; };
		AA436EBC1E1F787400985B4F /* Extension_NSBundle.swift */ = {isa = PBXFileReference; fileEncoding = 4; lastKnownFileType = sourcecode.swift; path = Extension_NSBundle.swift; sourceTree = "<group>"; };
		AA436EBD1E1F787400985B4F /* Extension_NSData.swift */ = {isa = PBXFileReference; fileEncoding = 4; lastKnownFileType = sourcecode.swift; path = Extension_NSData.swift; sourceTree = "<group>"; };
		AA436EBE1E1F787400985B4F /* Extension_NSDate.swift */ = {isa = PBXFileReference; fileEncoding = 4; lastKnownFileType = sourcecode.swift; path = Extension_NSDate.swift; sourceTree = "<group>"; };
		AA436EBF1E1F787400985B4F /* Extension_NSDictionary.swift */ = {isa = PBXFileReference; fileEncoding = 4; lastKnownFileType = sourcecode.swift; path = Extension_NSDictionary.swift; sourceTree = "<group>"; };
		AA436EC01E1F787400985B4F /* Extension_NSKeyedUnarchiver.swift */ = {isa = PBXFileReference; fileEncoding = 4; lastKnownFileType = sourcecode.swift; path = Extension_NSKeyedUnarchiver.swift; sourceTree = "<group>"; };
		AA436EC11E1F787400985B4F /* Extension_NSNotificationCenter.swift */ = {isa = PBXFileReference; fileEncoding = 4; lastKnownFileType = sourcecode.swift; path = Extension_NSNotificationCenter.swift; sourceTree = "<group>"; };
		AA436EC21E1F787400985B4F /* Extension_NSNumber.swift */ = {isa = PBXFileReference; fileEncoding = 4; lastKnownFileType = sourcecode.swift; path = Extension_NSNumber.swift; sourceTree = "<group>"; };
		AA436EC31E1F787400985B4F /* Extension_NSObject.swift */ = {isa = PBXFileReference; fileEncoding = 4; lastKnownFileType = sourcecode.swift; path = Extension_NSObject.swift; sourceTree = "<group>"; };
		AA436EC41E1F787400985B4F /* Extension_NSThread.swift */ = {isa = PBXFileReference; fileEncoding = 4; lastKnownFileType = sourcecode.swift; path = Extension_NSThread.swift; sourceTree = "<group>"; };
		AA436EC51E1F787400985B4F /* Extension_NSTimer.swift */ = {isa = PBXFileReference; fileEncoding = 4; lastKnownFileType = sourcecode.swift; path = Extension_NSTimer.swift; sourceTree = "<group>"; };
		AA436EC61E1F787400985B4F /* Extension_String.swift */ = {isa = PBXFileReference; fileEncoding = 4; lastKnownFileType = sourcecode.swift; path = Extension_String.swift; sourceTree = "<group>"; };
		AA436EC81E1F787400985B4F /* Extension_UIApplication.swift */ = {isa = PBXFileReference; fileEncoding = 4; lastKnownFileType = sourcecode.swift; path = Extension_UIApplication.swift; sourceTree = "<group>"; };
		AA436EC91E1F787400985B4F /* Extension_UIBarButtonItem.swift */ = {isa = PBXFileReference; fileEncoding = 4; lastKnownFileType = sourcecode.swift; path = Extension_UIBarButtonItem.swift; sourceTree = "<group>"; };
		AA436ECA1E1F787400985B4F /* Extension_UIBezierPath.swift */ = {isa = PBXFileReference; fileEncoding = 4; lastKnownFileType = sourcecode.swift; path = Extension_UIBezierPath.swift; sourceTree = "<group>"; };
		AA436ECB1E1F787400985B4F /* Extension_UIColor.swift */ = {isa = PBXFileReference; fileEncoding = 4; lastKnownFileType = sourcecode.swift; path = Extension_UIColor.swift; sourceTree = "<group>"; };
		AA436ECC1E1F787400985B4F /* Extension_UIControl.swift */ = {isa = PBXFileReference; fileEncoding = 4; lastKnownFileType = sourcecode.swift; path = Extension_UIControl.swift; sourceTree = "<group>"; };
		AA436ECD1E1F787400985B4F /* Extension_UIDevice.swift */ = {isa = PBXFileReference; fileEncoding = 4; lastKnownFileType = sourcecode.swift; path = Extension_UIDevice.swift; sourceTree = "<group>"; };
		AA436ECE1E1F787400985B4F /* Extension_UIFont.swift */ = {isa = PBXFileReference; fileEncoding = 4; lastKnownFileType = sourcecode.swift; path = Extension_UIFont.swift; sourceTree = "<group>"; };
		AA436ECF1E1F787400985B4F /* Extension_UIImage.swift */ = {isa = PBXFileReference; fileEncoding = 4; lastKnownFileType = sourcecode.swift; path = Extension_UIImage.swift; sourceTree = "<group>"; };
		AA436ED01E1F787400985B4F /* Extension_UIImageView.swift */ = {isa = PBXFileReference; fileEncoding = 4; lastKnownFileType = sourcecode.swift; path = Extension_UIImageView.swift; sourceTree = "<group>"; };
		AA436ED11E1F787400985B4F /* Extension_UIScreen.swift */ = {isa = PBXFileReference; fileEncoding = 4; lastKnownFileType = sourcecode.swift; path = Extension_UIScreen.swift; sourceTree = "<group>"; };
		AA436ED21E1F787400985B4F /* Extension_UIScrollView.swift */ = {isa = PBXFileReference; fileEncoding = 4; lastKnownFileType = sourcecode.swift; path = Extension_UIScrollView.swift; sourceTree = "<group>"; };
		AA436ED31E1F787400985B4F /* Extension_UITableView.swift */ = {isa = PBXFileReference; fileEncoding = 4; lastKnownFileType = sourcecode.swift; path = Extension_UITableView.swift; sourceTree = "<group>"; };
		AA436ED41E1F787400985B4F /* Extension_UIView.swift */ = {isa = PBXFileReference; fileEncoding = 4; lastKnownFileType = sourcecode.swift; path = Extension_UIView.swift; sourceTree = "<group>"; };
		AA436ED51E1F787400985B4F /* Extension_UIViewController.swift */ = {isa = PBXFileReference; fileEncoding = 4; lastKnownFileType = sourcecode.swift; path = Extension_UIViewController.swift; sourceTree = "<group>"; };
		AA436ED81E1F787400985B4F /* AssetWriterCoordinator.swift */ = {isa = PBXFileReference; fileEncoding = 4; lastKnownFileType = sourcecode.swift; path = AssetWriterCoordinator.swift; sourceTree = "<group>"; };
		AA436ED91E1F787400985B4F /* CaptureManager.swift */ = {isa = PBXFileReference; fileEncoding = 4; lastKnownFileType = sourcecode.swift; path = CaptureManager.swift; sourceTree = "<group>"; };
		AA436EDA1E1F787400985B4F /* CaptureSessionAssetWriterCoordinator.swift */ = {isa = PBXFileReference; fileEncoding = 4; lastKnownFileType = sourcecode.swift; path = CaptureSessionAssetWriterCoordinator.swift; sourceTree = "<group>"; };
		AA436EDB1E1F787400985B4F /* CaptureSessionCoordinator.swift */ = {isa = PBXFileReference; fileEncoding = 4; lastKnownFileType = sourcecode.swift; path = CaptureSessionCoordinator.swift; sourceTree = "<group>"; };
		AA436EDC1E1F787400985B4F /* CaptureSessionMovieFileOutputCoordinator.swift */ = {isa = PBXFileReference; fileEncoding = 4; lastKnownFileType = sourcecode.swift; path = CaptureSessionMovieFileOutputCoordinator.swift; sourceTree = "<group>"; };
		AA436EDD1E1F787400985B4F /* CaptureView.swift */ = {isa = PBXFileReference; fileEncoding = 4; lastKnownFileType = sourcecode.swift; path = CaptureView.swift; sourceTree = "<group>"; };
		AA436EDE1E1F787400985B4F /* MainView.swift */ = {isa = PBXFileReference; fileEncoding = 4; lastKnownFileType = sourcecode.swift; path = MainView.swift; sourceTree = "<group>"; };
		AA436EDF1E1F787400985B4F /* MapView.swift */ = {isa = PBXFileReference; fileEncoding = 4; lastKnownFileType = sourcecode.swift; path = MapView.swift; sourceTree = "<group>"; };
		AA436EE01E1F787400985B4F /* TabbarView.swift */ = {isa = PBXFileReference; fileEncoding = 4; lastKnownFileType = sourcecode.swift; path = TabbarView.swift; sourceTree = "<group>"; };
		AA436EE11E1F787400985B4F /* TachographMainViewController.swift */ = {isa = PBXFileReference; fileEncoding = 4; lastKnownFileType = sourcecode.swift; path = TachographMainViewController.swift; sourceTree = "<group>"; };
		AA436EE31E1F787400985B4F /* DataBase.h */ = {isa = PBXFileReference; fileEncoding = 4; lastKnownFileType = sourcecode.c.h; path = DataBase.h; sourceTree = "<group>"; };
		AA436EE41E1F787400985B4F /* DataBase.m */ = {isa = PBXFileReference; fileEncoding = 4; lastKnownFileType = sourcecode.c.objc; path = DataBase.m; sourceTree = "<group>"; };
		AA436EE51E1F787400985B4F /* DrugSearchModel.h */ = {isa = PBXFileReference; fileEncoding = 4; lastKnownFileType = sourcecode.c.h; path = DrugSearchModel.h; sourceTree = "<group>"; };
		AA436EE61E1F787400985B4F /* DrugSearchModel.m */ = {isa = PBXFileReference; fileEncoding = 4; lastKnownFileType = sourcecode.c.objc; path = DrugSearchModel.m; sourceTree = "<group>"; };
		AA436EE81E1F787400985B4F /* MovieListController.swift */ = {isa = PBXFileReference; fileEncoding = 4; lastKnownFileType = sourcecode.swift; path = MovieListController.swift; sourceTree = "<group>"; };
		AA436EE91E1F787400985B4F /* MoviePlayerController.swift */ = {isa = PBXFileReference; fileEncoding = 4; lastKnownFileType = sourcecode.swift; path = MoviePlayerController.swift; sourceTree = "<group>"; };
		AA436F0E1E1F787400985B4F /* MAHeaderView.h */ = {isa = PBXFileReference; fileEncoding = 4; lastKnownFileType = sourcecode.c.h; path = MAHeaderView.h; sourceTree = "<group>"; };
		AA436F0F1E1F787400985B4F /* MAHeaderView.m */ = {isa = PBXFileReference; fileEncoding = 4; lastKnownFileType = sourcecode.c.objc; path = MAHeaderView.m; sourceTree = "<group>"; };
		AA436F101E1F787400985B4F /* OfflineDetailViewController.h */ = {isa = PBXFileReference; fileEncoding = 4; lastKnownFileType = sourcecode.c.h; path = OfflineDetailViewController.h; sourceTree = "<group>"; };
		AA436F111E1F787400985B4F /* OfflineDetailViewController.m */ = {isa = PBXFileReference; fileEncoding = 4; lastKnownFileType = sourcecode.c.objc; path = OfflineDetailViewController.m; sourceTree = "<group>"; };
		AA436F131E1F787400985B4F /* FMDatabase.h */ = {isa = PBXFileReference; fileEncoding = 4; lastKnownFileType = sourcecode.c.h; path = FMDatabase.h; sourceTree = "<group>"; };
		AA436F141E1F787400985B4F /* FMDatabase.m */ = {isa = PBXFileReference; fileEncoding = 4; lastKnownFileType = sourcecode.c.objc; path = FMDatabase.m; sourceTree = "<group>"; };
		AA436F151E1F787400985B4F /* FMDatabaseAdditions.h */ = {isa = PBXFileReference; fileEncoding = 4; lastKnownFileType = sourcecode.c.h; path = FMDatabaseAdditions.h; sourceTree = "<group>"; };
		AA436F161E1F787400985B4F /* FMDatabaseAdditions.m */ = {isa = PBXFileReference; fileEncoding = 4; lastKnownFileType = sourcecode.c.objc; path = FMDatabaseAdditions.m; sourceTree = "<group>"; };
		AA436F171E1F787400985B4F /* FMDatabasePool.h */ = {isa = PBXFileReference; fileEncoding = 4; lastKnownFileType = sourcecode.c.h; path = FMDatabasePool.h; sourceTree = "<group>"; };
		AA436F181E1F787400985B4F /* FMDatabasePool.m */ = {isa = PBXFileReference; fileEncoding = 4; lastKnownFileType = sourcecode.c.objc; path = FMDatabasePool.m; sourceTree = "<group>"; };
		AA436F191E1F787400985B4F /* FMDatabaseQueue.h */ = {isa = PBXFileReference; fileEncoding = 4; lastKnownFileType = sourcecode.c.h; path = FMDatabaseQueue.h; sourceTree = "<group>"; };
		AA436F1A1E1F787400985B4F /* FMDatabaseQueue.m */ = {isa = PBXFileReference; fileEncoding = 4; lastKnownFileType = sourcecode.c.objc; path = FMDatabaseQueue.m; sourceTree = "<group>"; };
		AA436F1B1E1F787400985B4F /* FMDB.h */ = {isa = PBXFileReference; fileEncoding = 4; lastKnownFileType = sourcecode.c.h; path = FMDB.h; sourceTree = "<group>"; };
		AA436F1C1E1F787400985B4F /* FMResultSet.h */ = {isa = PBXFileReference; fileEncoding = 4; lastKnownFileType = sourcecode.c.h; path = FMResultSet.h; sourceTree = "<group>"; };
		AA436F1D1E1F787400985B4F /* FMResultSet.m */ = {isa = PBXFileReference; fileEncoding = 4; lastKnownFileType = sourcecode.c.objc; path = FMResultSet.m; sourceTree = "<group>"; };
		AA436F1F1E1F787400985B4F /* MJNIndexView.h */ = {isa = PBXFileReference; fileEncoding = 4; lastKnownFileType = sourcecode.c.h; path = MJNIndexView.h; sourceTree = "<group>"; };
		AA436F201E1F787400985B4F /* MJNIndexView.m */ = {isa = PBXFileReference; fileEncoding = 4; lastKnownFileType = sourcecode.c.objc; path = MJNIndexView.m; sourceTree = "<group>"; };
		AA436F221E1F787400985B4F /* aeroplane@2x.png */ = {isa = PBXFileReference; lastKnownFileType = image.png; path = "aeroplane@2x.png"; sourceTree = "<group>"; };
		AA436F231E1F787400985B4F /* DisplayViewController.swift */ = {isa = PBXFileReference; fileEncoding = 4; lastKnownFileType = sourcecode.swift; path = DisplayViewController.swift; sourceTree = "<group>"; };
		AA436F251E1F787400985B4F /* icon_list@2x.png */ = {isa = PBXFileReference; lastKnownFileType = image.png; path = "icon_list@2x.png"; sourceTree = "<group>"; };
		AA436F261E1F787400985B4F /* icon_play@2x.png */ = {isa = PBXFileReference; lastKnownFileType = image.png; path = "icon_play@2x.png"; sourceTree = "<group>"; };
		AA436F271E1F787400985B4F /* icon_stop@2x.png */ = {isa = PBXFileReference; lastKnownFileType = image.png; path = "icon_stop@2x.png"; sourceTree = "<group>"; };
		AA436F281E1F787400985B4F /* location_no@2x.png */ = {isa = PBXFileReference; lastKnownFileType = image.png; path = "location_no@2x.png"; sourceTree = "<group>"; };
		AA436F291E1F787400985B4F /* location_yes@2x.png */ = {isa = PBXFileReference; lastKnownFileType = image.png; path = "location_yes@2x.png"; sourceTree = "<group>"; };
		AA436F2A1E1F787400985B4F /* MainViewController.swift */ = {isa = PBXFileReference; fileEncoding = 4; lastKnownFileType = sourcecode.swift; path = MainViewController.swift; sourceTree = "<group>"; };
		AA436F2B1E1F787400985B4F /* RecordViewController.swift */ = {isa = PBXFileReference; fileEncoding = 4; lastKnownFileType = sourcecode.swift; path = RecordViewController.swift; sourceTree = "<group>"; };
		AA436F2C1E1F787400985B4F /* Route.swift */ = {isa = PBXFileReference; fileEncoding = 4; lastKnownFileType = sourcecode.swift; path = Route.swift; sourceTree = "<group>"; };
		AA436F2D1E1F787400985B4F /* StatusView.swift */ = {isa = PBXFileReference; fileEncoding = 4; lastKnownFileType = sourcecode.swift; path = StatusView.swift; sourceTree = "<group>"; };
		AA436F2E1E1F787400985B4F /* TipView.swift */ = {isa = PBXFileReference; fileEncoding = 4; lastKnownFileType = sourcecode.swift; path = TipView.swift; sourceTree = "<group>"; };
		AA436F321E1F787400985B4F /* AppConfigure.swift */ = {isa = PBXFileReference; fileEncoding = 4; lastKnownFileType = sourcecode.swift; path = AppConfigure.swift; sourceTree = "<group>"; };
		AA436F341E1F787400985B4F /* AppLog.swift */ = {isa = PBXFileReference; fileEncoding = 4; lastKnownFileType = sourcecode.swift; path = AppLog.swift; sourceTree = "<group>"; };
		AA436F361E1F787400985B4F /* GHConst.h */ = {isa = PBXFileReference; fileEncoding = 4; lastKnownFileType = sourcecode.c.h; path = GHConst.h; sourceTree = "<group>"; };
		AA436F371E1F787400985B4F /* GHConst.m */ = {isa = PBXFileReference; fileEncoding = 4; lastKnownFileType = sourcecode.c.objc; path = GHConst.m; sourceTree = "<group>"; };
		AA436F3B1E1F787400985B4F /* NSData+SDDataCache.h */ = {isa = PBXFileReference; fileEncoding = 4; lastKnownFileType = sourcecode.c.h; path = "NSData+SDDataCache.h"; sourceTree = "<group>"; };
		AA436F3C1E1F787400985B4F /* NSData+SDDataCache.m */ = {isa = PBXFileReference; fileEncoding = 4; lastKnownFileType = sourcecode.c.objc; path = "NSData+SDDataCache.m"; sourceTree = "<group>"; };
		AA436F441E1F787400985B4F /* CustomViewController.swift */ = {isa = PBXFileReference; fileEncoding = 4; lastKnownFileType = sourcecode.swift; path = CustomViewController.swift; sourceTree = "<group>"; };
		AA436F461E1F787400985B4F /* MapViewController.swift */ = {isa = PBXFileReference; fileEncoding = 4; lastKnownFileType = sourcecode.swift; path = MapViewController.swift; sourceTree = "<group>"; };
		AA436F471E1F787400985B4F /* MapViewController1.swift */ = {isa = PBXFileReference; fileEncoding = 4; lastKnownFileType = sourcecode.swift; path = MapViewController1.swift; sourceTree = "<group>"; };
		AA436F4A1E1F787400985B4F /* CollectionView1.swift */ = {isa = PBXFileReference; fileEncoding = 4; lastKnownFileType = sourcecode.swift; path = CollectionView1.swift; sourceTree = "<group>"; };
		AA436F4B1E1F787400985B4F /* CollectionViewController.swift */ = {isa = PBXFileReference; fileEncoding = 4; lastKnownFileType = sourcecode.swift; path = CollectionViewController.swift; sourceTree = "<group>"; };
		AA436F4D1E1F787400985B4F /* CustomTabBarController.swift */ = {isa = PBXFileReference; fileEncoding = 4; lastKnownFileType = sourcecode.swift; path = CustomTabBarController.swift; sourceTree = "<group>"; };
		AA436F4F1E1F787400985B4F /* NavigationController.swift */ = {isa = PBXFileReference; fileEncoding = 4; lastKnownFileType = sourcecode.swift; path = NavigationController.swift; sourceTree = "<group>"; };
		AA436F511E1F787400985B4F /* TabBarController.swift */ = {isa = PBXFileReference; fileEncoding = 4; lastKnownFileType = sourcecode.swift; path = TabBarController.swift; sourceTree = "<group>"; };
		AA436F531E1F787400985B4F /* TableViewController.swift */ = {isa = PBXFileReference; fileEncoding = 4; lastKnownFileType = sourcecode.swift; path = TableViewController.swift; sourceTree = "<group>"; };
		AA436F541E1F787400985B4F /* TableViewController1.swift */ = {isa = PBXFileReference; fileEncoding = 4; lastKnownFileType = sourcecode.swift; path = TableViewController1.swift; sourceTree = "<group>"; };
		AA436F551E1F787400985B4F /* TableViewController2.swift */ = {isa = PBXFileReference; fileEncoding = 4; lastKnownFileType = sourcecode.swift; path = TableViewController2.swift; sourceTree = "<group>"; };
		AA436FCE1E1F78AB00985B4F /* T_DrugName.db */ = {isa = PBXFileReference; lastKnownFileType = file; path = T_DrugName.db; sourceTree = "<group>"; };
		AA76DB571E1F8A07002D0A76 /* Icon.png */ = {isa = PBXFileReference; lastKnownFileType = image.png; path = Icon.png; sourceTree = "<group>"; };
		AA76DB581E1F8A07002D0A76 /* Icon@2x.png */ = {isa = PBXFileReference; lastKnownFileType = image.png; path = "Icon@2x.png"; sourceTree = "<group>"; };
		AA76DB591E1F8A07002D0A76 /* Icon120.png */ = {isa = PBXFileReference; lastKnownFileType = image.png; path = Icon120.png; sourceTree = "<group>"; };
		AA99E0311E163E5A00F61A79 /* Resources.bundle */ = {isa = PBXFileReference; lastKnownFileType = "wrapper.plug-in"; path = Resources.bundle; sourceTree = "<group>"; };
		AAD406EC1D5C6EFA009D18D5 /* Housing.app */ = {isa = PBXFileReference; explicitFileType = wrapper.application; includeInIndex = 0; path = Housing.app; sourceTree = BUILT_PRODUCTS_DIR; };
		AAD406EF1D5C6EFA009D18D5 /* AppDelegate.swift */ = {isa = PBXFileReference; lastKnownFileType = sourcecode.swift; path = AppDelegate.swift; sourceTree = "<group>"; };
		AAD406F61D5C6EFA009D18D5 /* Assets.xcassets */ = {isa = PBXFileReference; lastKnownFileType = folder.assetcatalog; path = Assets.xcassets; sourceTree = "<group>"; };
		AAD406F91D5C6EFA009D18D5 /* Base */ = {isa = PBXFileReference; lastKnownFileType = file.storyboard; name = Base; path = Base.lproj/LaunchScreen.storyboard; sourceTree = "<group>"; };
		AAD406FB1D5C6EFA009D18D5 /* Info.plist */ = {isa = PBXFileReference; lastKnownFileType = text.plist.xml; path = Info.plist; sourceTree = "<group>"; };
		AADD708C1D62B1C10081D986 /* Housing-Bridging-Header.h */ = {isa = PBXFileReference; fileEncoding = 4; lastKnownFileType = sourcecode.c.h; path = "Housing-Bridging-Header.h"; sourceTree = "<group>"; };
		AADD70A31D62B7430081D986 /* libsqlite3.0.tbd */ = {isa = PBXFileReference; lastKnownFileType = "sourcecode.text-based-dylib-definition"; name = libsqlite3.0.tbd; path = usr/lib/libsqlite3.0.tbd; sourceTree = SDKROOT; };
		AAF9FB8A1E24713200584BF7 /* Extension_FileManager.swift */ = {isa = PBXFileReference; fileEncoding = 4; lastKnownFileType = sourcecode.swift; path = Extension_FileManager.swift; sourceTree = "<group>"; };
/* End PBXFileReference section */

/* Begin PBXFrameworksBuildPhase section */
		AAD406E91D5C6EFA009D18D5 /* Frameworks */ = {
			isa = PBXFrameworksBuildPhase;
			buildActionMask = 2147483647;
			files = (
				AADD70A41D62B7430081D986 /* libsqlite3.0.tbd in Frameworks */,
				C275F52C023BB74D1A4B3258 /* Pods_Housing.framework in Frameworks */,
			);
			runOnlyForDeploymentPostprocessing = 0;
		};
/* End PBXFrameworksBuildPhase section */

/* Begin PBXGroup section */
		4D34178F0BDD0515462CD478 /* Pods */ = {
			isa = PBXGroup;
			children = (
				79E68A5429B31F61C8DF525B /* Pods-Housing.debug.xcconfig */,
				83141BFB173305AB063B4E7E /* Pods-Housing.release.xcconfig */,
			);
			name = Pods;
			sourceTree = "<group>";
		};
		AA436EB91E1F787400985B4F /* Extension */ = {
			isa = PBXGroup;
			children = (
				AA436EBA1E1F787400985B4F /* Foundation */,
				AA436EC71E1F787400985B4F /* UIKit */,
			);
			name = Extension;
			path = Body/Extension;
			sourceTree = "<group>";
		};
		AA436EBA1E1F787400985B4F /* Foundation */ = {
			isa = PBXGroup;
			children = (
				AA436EBB1E1F787400985B4F /* Extension_NSArray.swift */,
				AA436EBC1E1F787400985B4F /* Extension_NSBundle.swift */,
				AA436EBD1E1F787400985B4F /* Extension_NSData.swift */,
				AA436EBE1E1F787400985B4F /* Extension_NSDate.swift */,
				AA436EBF1E1F787400985B4F /* Extension_NSDictionary.swift */,
				AA436EC01E1F787400985B4F /* Extension_NSKeyedUnarchiver.swift */,
				AA436EC11E1F787400985B4F /* Extension_NSNotificationCenter.swift */,
				AA436EC21E1F787400985B4F /* Extension_NSNumber.swift */,
				AA436EC31E1F787400985B4F /* Extension_NSObject.swift */,
				AA436EC41E1F787400985B4F /* Extension_NSThread.swift */,
				AA436EC51E1F787400985B4F /* Extension_NSTimer.swift */,
				AA436EC61E1F787400985B4F /* Extension_String.swift */,
				AAF9FB8A1E24713200584BF7 /* Extension_FileManager.swift */,
			);
			path = Foundation;
			sourceTree = "<group>";
		};
		AA436EC71E1F787400985B4F /* UIKit */ = {
			isa = PBXGroup;
			children = (
				AA436EC81E1F787400985B4F /* Extension_UIApplication.swift */,
				AA436EC91E1F787400985B4F /* Extension_UIBarButtonItem.swift */,
				AA436ECA1E1F787400985B4F /* Extension_UIBezierPath.swift */,
				AA436ECB1E1F787400985B4F /* Extension_UIColor.swift */,
				AA436ECC1E1F787400985B4F /* Extension_UIControl.swift */,
				AA436ECD1E1F787400985B4F /* Extension_UIDevice.swift */,
				AA436ECE1E1F787400985B4F /* Extension_UIFont.swift */,
				AA436ECF1E1F787400985B4F /* Extension_UIImage.swift */,
				AA436ED01E1F787400985B4F /* Extension_UIImageView.swift */,
				AA436ED11E1F787400985B4F /* Extension_UIScreen.swift */,
				AA436ED21E1F787400985B4F /* Extension_UIScrollView.swift */,
				AA436ED31E1F787400985B4F /* Extension_UITableView.swift */,
				AA436ED41E1F787400985B4F /* Extension_UIView.swift */,
				AA436ED51E1F787400985B4F /* Extension_UIViewController.swift */,
			);
			path = UIKit;
			sourceTree = "<group>";
		};
		AA436ED61E1F787400985B4F /* Main */ = {
			isa = PBXGroup;
			children = (
				AA436ED71E1F787400985B4F /* Capture */,
				AA436EDE1E1F787400985B4F /* MainView.swift */,
				AA436EDF1E1F787400985B4F /* MapView.swift */,
				AA436EE01E1F787400985B4F /* TabbarView.swift */,
				AA436EE11E1F787400985B4F /* TachographMainViewController.swift */,
			);
			name = Main;
			path = Body/Main;
			sourceTree = "<group>";
		};
		AA436ED71E1F787400985B4F /* Capture */ = {
			isa = PBXGroup;
			children = (
				AA436ED81E1F787400985B4F /* AssetWriterCoordinator.swift */,
				AA436ED91E1F787400985B4F /* CaptureManager.swift */,
				AA436EDA1E1F787400985B4F /* CaptureSessionAssetWriterCoordinator.swift */,
				AA436EDB1E1F787400985B4F /* CaptureSessionCoordinator.swift */,
				AA436EDC1E1F787400985B4F /* CaptureSessionMovieFileOutputCoordinator.swift */,
				AA436EDD1E1F787400985B4F /* CaptureView.swift */,
			);
			path = Capture;
			sourceTree = "<group>";
		};
		AA436EE21E1F787400985B4F /* Model */ = {
			isa = PBXGroup;
			children = (
				AA436EE31E1F787400985B4F /* DataBase.h */,
				AA436EE41E1F787400985B4F /* DataBase.m */,
				AA436EE51E1F787400985B4F /* DrugSearchModel.h */,
				AA436EE61E1F787400985B4F /* DrugSearchModel.m */,
			);
			name = Model;
			path = Body/Model;
			sourceTree = "<group>";
		};
		AA436EE71E1F787400985B4F /* Movie */ = {
			isa = PBXGroup;
			children = (
				AA436EE81E1F787400985B4F /* MovieListController.swift */,
				AA436EE91E1F787400985B4F /* MoviePlayerController.swift */,
			);
			name = Movie;
			path = Body/Movie;
			sourceTree = "<group>";
		};
		AA436F0C1E1F787400985B4F /* ThridPart */ = {
			isa = PBXGroup;
			children = (
				AA436F0D1E1F787400985B4F /* AMap */,
				AA436F121E1F787400985B4F /* fmdb */,
				AA436F1E1E1F787400985B4F /* MJNIndexView */,
				AA436F211E1F787400985B4F /* Route */,
			);
			name = ThridPart;
			path = Body/ThridPart;
			sourceTree = "<group>";
		};
		AA436F0D1E1F787400985B4F /* AMap */ = {
			isa = PBXGroup;
			children = (
				AA436F0E1E1F787400985B4F /* MAHeaderView.h */,
				AA436F0F1E1F787400985B4F /* MAHeaderView.m */,
				AA436F101E1F787400985B4F /* OfflineDetailViewController.h */,
				AA436F111E1F787400985B4F /* OfflineDetailViewController.m */,
			);
			path = AMap;
			sourceTree = "<group>";
		};
		AA436F121E1F787400985B4F /* fmdb */ = {
			isa = PBXGroup;
			children = (
				AA436F131E1F787400985B4F /* FMDatabase.h */,
				AA436F141E1F787400985B4F /* FMDatabase.m */,
				AA436F151E1F787400985B4F /* FMDatabaseAdditions.h */,
				AA436F161E1F787400985B4F /* FMDatabaseAdditions.m */,
				AA436F171E1F787400985B4F /* FMDatabasePool.h */,
				AA436F181E1F787400985B4F /* FMDatabasePool.m */,
				AA436F191E1F787400985B4F /* FMDatabaseQueue.h */,
				AA436F1A1E1F787400985B4F /* FMDatabaseQueue.m */,
				AA436F1B1E1F787400985B4F /* FMDB.h */,
				AA436F1C1E1F787400985B4F /* FMResultSet.h */,
				AA436F1D1E1F787400985B4F /* FMResultSet.m */,
			);
			path = fmdb;
			sourceTree = "<group>";
		};
		AA436F1E1E1F787400985B4F /* MJNIndexView */ = {
			isa = PBXGroup;
			children = (
				AA436F1F1E1F787400985B4F /* MJNIndexView.h */,
				AA436F201E1F787400985B4F /* MJNIndexView.m */,
			);
			path = MJNIndexView;
			sourceTree = "<group>";
		};
		AA436F211E1F787400985B4F /* Route */ = {
			isa = PBXGroup;
			children = (
				AA436F221E1F787400985B4F /* aeroplane@2x.png */,
				AA436F231E1F787400985B4F /* DisplayViewController.swift */,
				AA436F251E1F787400985B4F /* icon_list@2x.png */,
				AA436F261E1F787400985B4F /* icon_play@2x.png */,
				AA436F271E1F787400985B4F /* icon_stop@2x.png */,
				AA436F281E1F787400985B4F /* location_no@2x.png */,
				AA436F291E1F787400985B4F /* location_yes@2x.png */,
				AA436F2A1E1F787400985B4F /* MainViewController.swift */,
				AA436F2B1E1F787400985B4F /* RecordViewController.swift */,
				AA436F2C1E1F787400985B4F /* Route.swift */,
				AA436F2D1E1F787400985B4F /* StatusView.swift */,
				AA436F2E1E1F787400985B4F /* TipView.swift */,
			);
			path = Route;
			sourceTree = "<group>";
		};
		AA436F2F1E1F787400985B4F /* Utility */ = {
			isa = PBXGroup;
			children = (
				AA436F321E1F787400985B4F /* AppConfigure.swift */,
				AA436F341E1F787400985B4F /* AppLog.swift */,
				AA436F361E1F787400985B4F /* GHConst.h */,
				AA436F371E1F787400985B4F /* GHConst.m */,
				AA436F3B1E1F787400985B4F /* NSData+SDDataCache.h */,
				AA436F3C1E1F787400985B4F /* NSData+SDDataCache.m */,
			);
			name = Utility;
			path = Body/Utility;
			sourceTree = "<group>";
		};
		AA436F421E1F787400985B4F /* ViewControllers */ = {
			isa = PBXGroup;
			children = (
				AA436F431E1F787400985B4F /* CustomView */,
				AA436F451E1F787400985B4F /* MapView */,
				AA436F481E1F787400985B4F /* ViewControllers */,
			);
			name = ViewControllers;
			path = Body/ViewControllers;
			sourceTree = "<group>";
		};
		AA436F431E1F787400985B4F /* CustomView */ = {
			isa = PBXGroup;
			children = (
				AA436F441E1F787400985B4F /* CustomViewController.swift */,
			);
			path = CustomView;
			sourceTree = "<group>";
		};
		AA436F451E1F787400985B4F /* MapView */ = {
			isa = PBXGroup;
			children = (
				AA436F461E1F787400985B4F /* MapViewController.swift */,
				AA436F471E1F787400985B4F /* MapViewController1.swift */,
			);
			path = MapView;
			sourceTree = "<group>";
		};
		AA436F481E1F787400985B4F /* ViewControllers */ = {
			isa = PBXGroup;
			children = (
				AA436F491E1F787400985B4F /* CollectionViewController */,
				AA436F4C1E1F787400985B4F /* CustomTabBarController */,
				AA436F4E1E1F787400985B4F /* NavigationController */,
				AA436F501E1F787400985B4F /* TabBarController */,
				AA436F521E1F787400985B4F /* TableViewController */,
			);
			path = ViewControllers;
			sourceTree = "<group>";
		};
		AA436F491E1F787400985B4F /* CollectionViewController */ = {
			isa = PBXGroup;
			children = (
				AA436F4A1E1F787400985B4F /* CollectionView1.swift */,
				AA436F4B1E1F787400985B4F /* CollectionViewController.swift */,
			);
			path = CollectionViewController;
			sourceTree = "<group>";
		};
		AA436F4C1E1F787400985B4F /* CustomTabBarController */ = {
			isa = PBXGroup;
			children = (
				AA436F4D1E1F787400985B4F /* CustomTabBarController.swift */,
			);
			path = CustomTabBarController;
			sourceTree = "<group>";
		};
		AA436F4E1E1F787400985B4F /* NavigationController */ = {
			isa = PBXGroup;
			children = (
				AA436F4F1E1F787400985B4F /* NavigationController.swift */,
			);
			path = NavigationController;
			sourceTree = "<group>";
		};
		AA436F501E1F787400985B4F /* TabBarController */ = {
			isa = PBXGroup;
			children = (
				AA436F511E1F787400985B4F /* TabBarController.swift */,
			);
			path = TabBarController;
			sourceTree = "<group>";
		};
		AA436F521E1F787400985B4F /* TableViewController */ = {
			isa = PBXGroup;
			children = (
				AA436F531E1F787400985B4F /* TableViewController.swift */,
				AA436F541E1F787400985B4F /* TableViewController1.swift */,
				AA436F551E1F787400985B4F /* TableViewController2.swift */,
			);
			path = TableViewController;
			sourceTree = "<group>";
		};
		AAD406E31D5C6EFA009D18D5 = {
			isa = PBXGroup;
			children = (
				AAD406EE1D5C6EFA009D18D5 /* Housing */,
				AAD406ED1D5C6EFA009D18D5 /* Products */,
				4D34178F0BDD0515462CD478 /* Pods */,
				DD92FD6CE9C2C5A3AC2BD643 /* Frameworks */,
			);
			sourceTree = "<group>";
		};
		AAD406ED1D5C6EFA009D18D5 /* Products */ = {
			isa = PBXGroup;
			children = (
				AAD406EC1D5C6EFA009D18D5 /* Housing.app */,
			);
			name = Products;
			sourceTree = "<group>";
		};
		AAD406EE1D5C6EFA009D18D5 /* Housing */ = {
			isa = PBXGroup;
			children = (
				AA436EB91E1F787400985B4F /* Extension */,
				AA436ED61E1F787400985B4F /* Main */,
				AA436EE21E1F787400985B4F /* Model */,
				AA436EE71E1F787400985B4F /* Movie */,
				AA436F0C1E1F787400985B4F /* ThridPart */,
				AA436F2F1E1F787400985B4F /* Utility */,
				AA436F421E1F787400985B4F /* ViewControllers */,
				AA99E0311E163E5A00F61A79 /* Resources.bundle */,
				AADD708C1D62B1C10081D986 /* Housing-Bridging-Header.h */,
				AAD406EF1D5C6EFA009D18D5 /* AppDelegate.swift */,
				AA436EB41E1F767A00985B4F /* BaseViewController.swift */,
				AA436EB51E1F767A00985B4F /* ViewController.swift */,
				AAD406F61D5C6EFA009D18D5 /* Assets.xcassets */,
				AA436FCE1E1F78AB00985B4F /* T_DrugName.db */,
				AAD406F81D5C6EFA009D18D5 /* LaunchScreen.storyboard */,
				AAD406FB1D5C6EFA009D18D5 /* Info.plist */,
				AA76DB571E1F8A07002D0A76 /* Icon.png */,
				AA76DB581E1F8A07002D0A76 /* Icon@2x.png */,
				AA76DB591E1F8A07002D0A76 /* Icon120.png */,
			);
			path = Housing;
			sourceTree = "<group>";
		};
		DD92FD6CE9C2C5A3AC2BD643 /* Frameworks */ = {
			isa = PBXGroup;
			children = (
				AADD70A31D62B7430081D986 /* libsqlite3.0.tbd */,
				41E2D075F2FEC6E3C65E086F /* Pods_Housing.framework */,
			);
			name = Frameworks;
			sourceTree = "<group>";
		};
/* End PBXGroup section */

/* Begin PBXNativeTarget section */
		AAD406EB1D5C6EFA009D18D5 /* Housing */ = {
			isa = PBXNativeTarget;
			buildConfigurationList = AAD406FE1D5C6EFA009D18D5 /* Build configuration list for PBXNativeTarget "Housing" */;
			buildPhases = (
				DB1691F38FCF96F6C368C16A /* [CP] Check Pods Manifest.lock */,
				AAD406E81D5C6EFA009D18D5 /* Sources */,
				AAD406E91D5C6EFA009D18D5 /* Frameworks */,
				AAD406EA1D5C6EFA009D18D5 /* Resources */,
				C50F0055268B0E1A53770744 /* [CP] Embed Pods Frameworks */,
				7DF7B7BAF58D248D3C012F15 /* [CP] Copy Pods Resources */,
			);
			buildRules = (
			);
			dependencies = (
			);
			name = Housing;
			productName = Housing;
			productReference = AAD406EC1D5C6EFA009D18D5 /* Housing.app */;
			productType = "com.apple.product-type.application";
		};
/* End PBXNativeTarget section */

/* Begin PBXProject section */
		AAD406E41D5C6EFA009D18D5 /* Project object */ = {
			isa = PBXProject;
			attributes = {
				LastSwiftUpdateCheck = 0730;
				LastUpgradeCheck = 0810;
				ORGANIZATIONNAME = Housing;
				TargetAttributes = {
					AAD406EB1D5C6EFA009D18D5 = {
						CreatedOnToolsVersion = 7.3;
						DevelopmentTeam = MLRN73NFF6;
						LastSwiftMigration = 0810;
					};
				};
			};
			buildConfigurationList = AAD406E71D5C6EFA009D18D5 /* Build configuration list for PBXProject "Housing" */;
			compatibilityVersion = "Xcode 3.2";
			developmentRegion = English;
			hasScannedForEncodings = 0;
			knownRegions = (
				en,
				Base,
			);
			mainGroup = AAD406E31D5C6EFA009D18D5;
			productRefGroup = AAD406ED1D5C6EFA009D18D5 /* Products */;
			projectDirPath = "";
			projectRoot = "";
			targets = (
				AAD406EB1D5C6EFA009D18D5 /* Housing */,
			);
		};
/* End PBXProject section */

/* Begin PBXResourcesBuildPhase section */
		AAD406EA1D5C6EFA009D18D5 /* Resources */ = {
			isa = PBXResourcesBuildPhase;
			buildActionMask = 2147483647;
			files = (
				AA76DB5C1E1F8A07002D0A76 /* Icon120.png in Resources */,
				AA76DB5A1E1F8A07002D0A76 /* Icon.png in Resources */,
				AA76DB5B1E1F8A07002D0A76 /* Icon@2x.png in Resources */,
				AA436FAD1E1F787400985B4F /* location_no@2x.png in Resources */,
				AA99E0321E163E5A00F61A79 /* Resources.bundle in Resources */,
				AA436FCF1E1F78AB00985B4F /* T_DrugName.db in Resources */,
				AA436FAC1E1F787400985B4F /* icon_stop@2x.png in Resources */,
				AAD406FA1D5C6EFA009D18D5 /* LaunchScreen.storyboard in Resources */,
				AA436FA71E1F787400985B4F /* aeroplane@2x.png in Resources */,
				AA436FAB1E1F787400985B4F /* icon_play@2x.png in Resources */,
				AA436FAE1E1F787400985B4F /* location_yes@2x.png in Resources */,
				AA436FAA1E1F787400985B4F /* icon_list@2x.png in Resources */,
				AAD406F71D5C6EFA009D18D5 /* Assets.xcassets in Resources */,
			);
			runOnlyForDeploymentPostprocessing = 0;
		};
/* End PBXResourcesBuildPhase section */

/* Begin PBXShellScriptBuildPhase section */
		7DF7B7BAF58D248D3C012F15 /* [CP] Copy Pods Resources */ = {
			isa = PBXShellScriptBuildPhase;
			buildActionMask = 2147483647;
			files = (
			);
			inputPaths = (
			);
			name = "[CP] Copy Pods Resources";
			outputPaths = (
			);
			runOnlyForDeploymentPostprocessing = 0;
			shellPath = /bin/sh;
			shellScript = "\"${SRCROOT}/Pods/Target Support Files/Pods-Housing/Pods-Housing-resources.sh\"\n";
			showEnvVarsInLog = 0;
		};
		C50F0055268B0E1A53770744 /* [CP] Embed Pods Frameworks */ = {
			isa = PBXShellScriptBuildPhase;
			buildActionMask = 2147483647;
			files = (
			);
			inputPaths = (
			);
			name = "[CP] Embed Pods Frameworks";
			outputPaths = (
			);
			runOnlyForDeploymentPostprocessing = 0;
			shellPath = /bin/sh;
			shellScript = "\"${SRCROOT}/Pods/Target Support Files/Pods-Housing/Pods-Housing-frameworks.sh\"\n";
			showEnvVarsInLog = 0;
		};
		DB1691F38FCF96F6C368C16A /* [CP] Check Pods Manifest.lock */ = {
			isa = PBXShellScriptBuildPhase;
			buildActionMask = 2147483647;
			files = (
			);
			inputPaths = (
			);
			name = "[CP] Check Pods Manifest.lock";
			outputPaths = (
			);
			runOnlyForDeploymentPostprocessing = 0;
			shellPath = /bin/sh;
			shellScript = "diff \"${PODS_ROOT}/../Podfile.lock\" \"${PODS_ROOT}/Manifest.lock\" > /dev/null\nif [[ $? != 0 ]] ; then\n    cat << EOM\nerror: The sandbox is not in sync with the Podfile.lock. Run 'pod install' or update your CocoaPods installation.\nEOM\n    exit 1\nfi\n";
			showEnvVarsInLog = 0;
		};
/* End PBXShellScriptBuildPhase section */

/* Begin PBXSourcesBuildPhase section */
		AAD406E81D5C6EFA009D18D5 /* Sources */ = {
			isa = PBXSourcesBuildPhase;
			buildActionMask = 2147483647;
			files = (
				AA436F701E1F787400985B4F /* Extension_UIViewController.swift in Sources */,
				AA436F601E1F787400985B4F /* Extension_NSThread.swift in Sources */,
				AAD406F01D5C6EFA009D18D5 /* AppDelegate.swift in Sources */,
				AA436FC51E1F787400985B4F /* CollectionViewController.swift in Sources */,
				AA436F6C1E1F787400985B4F /* Extension_UIScreen.swift in Sources */,
				AA436FCA1E1F787400985B4F /* TableViewController1.swift in Sources */,
				AA436F671E1F787400985B4F /* Extension_UIControl.swift in Sources */,
				AA436F661E1F787400985B4F /* Extension_UIColor.swift in Sources */,
				AA436F7E1E1F787400985B4F /* MoviePlayerController.swift in Sources */,
				AA436F5C1E1F787400985B4F /* Extension_NSKeyedUnarchiver.swift in Sources */,
				AA436F621E1F787400985B4F /* Extension_String.swift in Sources */,
				AA436FBD1E1F787400985B4F /* NSData+SDDataCache.m in Sources */,
				AA436F611E1F787400985B4F /* Extension_NSTimer.swift in Sources */,
				AA436F741E1F787400985B4F /* CaptureSessionCoordinator.swift in Sources */,
				AA436FAF1E1F787400985B4F /* MainViewController.swift in Sources */,
				AA436FA11E1F787400985B4F /* FMDatabase.m in Sources */,
				AA436F761E1F787400985B4F /* CaptureView.swift in Sources */,
				AA436F791E1F787400985B4F /* TabbarView.swift in Sources */,
				AA436F7B1E1F787400985B4F /* DataBase.m in Sources */,
				AA436FB31E1F787400985B4F /* TipView.swift in Sources */,
				AA436FCB1E1F787400985B4F /* TableViewController2.swift in Sources */,
				AA436F731E1F787400985B4F /* CaptureSessionAssetWriterCoordinator.swift in Sources */,
				AA436F571E1F787400985B4F /* Extension_NSArray.swift in Sources */,
				AA436FB81E1F787400985B4F /* AppLog.swift in Sources */,
				AA436F6F1E1F787400985B4F /* Extension_UIView.swift in Sources */,
				AA436F781E1F787400985B4F /* MapView.swift in Sources */,
				AA436F751E1F787400985B4F /* CaptureSessionMovieFileOutputCoordinator.swift in Sources */,
				AA436FC11E1F787400985B4F /* CustomViewController.swift in Sources */,
				AA436FA01E1F787400985B4F /* OfflineDetailViewController.m in Sources */,
				AA436F7A1E1F787400985B4F /* TachographMainViewController.swift in Sources */,
				AA436F6B1E1F787400985B4F /* Extension_UIImageView.swift in Sources */,
				AA436F7C1E1F787400985B4F /* DrugSearchModel.m in Sources */,
				AA436FC41E1F787400985B4F /* CollectionView1.swift in Sources */,
				AA436F591E1F787400985B4F /* Extension_NSData.swift in Sources */,
				AA436F631E1F787400985B4F /* Extension_UIApplication.swift in Sources */,
				AA436F681E1F787400985B4F /* Extension_UIDevice.swift in Sources */,
				AA436FBA1E1F787400985B4F /* GHConst.m in Sources */,
				AA436FC91E1F787400985B4F /* TableViewController.swift in Sources */,
				AA436FC71E1F787400985B4F /* NavigationController.swift in Sources */,
				AA436FB11E1F787400985B4F /* Route.swift in Sources */,
				AA436F5E1E1F787400985B4F /* Extension_NSNumber.swift in Sources */,
				AA436FC81E1F787400985B4F /* TabBarController.swift in Sources */,
				AA436F5B1E1F787400985B4F /* Extension_NSDictionary.swift in Sources */,
				AA436F5D1E1F787400985B4F /* Extension_NSNotificationCenter.swift in Sources */,
				AA436F5F1E1F787400985B4F /* Extension_NSObject.swift in Sources */,
				AA436FA61E1F787400985B4F /* MJNIndexView.m in Sources */,
				AA436F771E1F787400985B4F /* MainView.swift in Sources */,
				AA436FC61E1F787400985B4F /* CustomTabBarController.swift in Sources */,
				AA436FB21E1F787400985B4F /* StatusView.swift in Sources */,
				AA436F5A1E1F787400985B4F /* Extension_NSDate.swift in Sources */,
				AA436F6E1E1F787400985B4F /* Extension_UITableView.swift in Sources */,
				AA436FB01E1F787400985B4F /* RecordViewController.swift in Sources */,
				AA436FC21E1F787400985B4F /* MapViewController.swift in Sources */,
				AA436FA21E1F787400985B4F /* FMDatabaseAdditions.m in Sources */,
				AA436EB71E1F767A00985B4F /* ViewController.swift in Sources */,
				AA436F651E1F787400985B4F /* Extension_UIBezierPath.swift in Sources */,
				AA436FA31E1F787400985B4F /* FMDatabasePool.m in Sources */,
				AA436FA81E1F787400985B4F /* DisplayViewController.swift in Sources */,
				AA436FA51E1F787400985B4F /* FMResultSet.m in Sources */,
				AA436F6D1E1F787400985B4F /* Extension_UIScrollView.swift in Sources */,
				AA436F7D1E1F787400985B4F /* MovieListController.swift in Sources */,
				AA436F581E1F787400985B4F /* Extension_NSBundle.swift in Sources */,
				AA436F641E1F787400985B4F /* Extension_UIBarButtonItem.swift in Sources */,
				AA436FA41E1F787400985B4F /* FMDatabaseQueue.m in Sources */,
				AA436F691E1F787400985B4F /* Extension_UIFont.swift in Sources */,
				AA436F9F1E1F787400985B4F /* MAHeaderView.m in Sources */,
				AA436EB61E1F767A00985B4F /* BaseViewController.swift in Sources */,
				AAF9FB8B1E24713200584BF7 /* Extension_FileManager.swift in Sources */,
				AA436FB61E1F787400985B4F /* AppConfigure.swift in Sources */,
				AA436F6A1E1F787400985B4F /* Extension_UIImage.swift in Sources */,
				AA436F721E1F787400985B4F /* CaptureManager.swift in Sources */,
				AA436F711E1F787400985B4F /* AssetWriterCoordinator.swift in Sources */,
				AA436FC31E1F787400985B4F /* MapViewController1.swift in Sources */,
			);
			runOnlyForDeploymentPostprocessing = 0;
		};
/* End PBXSourcesBuildPhase section */

/* Begin PBXVariantGroup section */
		AAD406F81D5C6EFA009D18D5 /* LaunchScreen.storyboard */ = {
			isa = PBXVariantGroup;
			children = (
				AAD406F91D5C6EFA009D18D5 /* Base */,
			);
			name = LaunchScreen.storyboard;
			sourceTree = "<group>";
		};
/* End PBXVariantGroup section */

/* Begin XCBuildConfiguration section */
		AAD406FC1D5C6EFA009D18D5 /* Debug */ = {
			isa = XCBuildConfiguration;
			buildSettings = {
				ALWAYS_SEARCH_USER_PATHS = NO;
				CLANG_ANALYZER_NONNULL = YES;
				CLANG_CXX_LANGUAGE_STANDARD = "gnu++0x";
				CLANG_CXX_LIBRARY = "libc++";
				CLANG_ENABLE_MODULES = YES;
				CLANG_ENABLE_OBJC_ARC = YES;
				CLANG_WARN_BOOL_CONVERSION = YES;
				CLANG_WARN_CONSTANT_CONVERSION = YES;
				CLANG_WARN_DIRECT_OBJC_ISA_USAGE = YES_ERROR;
				CLANG_WARN_EMPTY_BODY = YES;
				CLANG_WARN_ENUM_CONVERSION = YES;
				CLANG_WARN_INFINITE_RECURSION = YES;
				CLANG_WARN_INT_CONVERSION = YES;
				CLANG_WARN_OBJC_ROOT_CLASS = YES_ERROR;
				CLANG_WARN_SUSPICIOUS_MOVE = YES;
				CLANG_WARN_UNREACHABLE_CODE = YES;
				CLANG_WARN__DUPLICATE_METHOD_MATCH = YES;
				"CODE_SIGN_IDENTITY[sdk=iphoneos*]" = "iPhone Developer";
				COPY_PHASE_STRIP = NO;
				DEBUG_INFORMATION_FORMAT = dwarf;
				ENABLE_STRICT_OBJC_MSGSEND = YES;
				ENABLE_TESTABILITY = YES;
				GCC_C_LANGUAGE_STANDARD = gnu99;
				GCC_DYNAMIC_NO_PIC = NO;
				GCC_NO_COMMON_BLOCKS = YES;
				GCC_OPTIMIZATION_LEVEL = 0;
				GCC_PREPROCESSOR_DEFINITIONS = (
					"DEBUG=1",
					"$(inherited)",
				);
				GCC_WARN_64_TO_32_BIT_CONVERSION = YES;
				GCC_WARN_ABOUT_RETURN_TYPE = YES_ERROR;
				GCC_WARN_UNDECLARED_SELECTOR = YES;
				GCC_WARN_UNINITIALIZED_AUTOS = YES_AGGRESSIVE;
				GCC_WARN_UNUSED_FUNCTION = YES;
				GCC_WARN_UNUSED_VARIABLE = YES;
				IPHONEOS_DEPLOYMENT_TARGET = 9.3;
				MTL_ENABLE_DEBUG_INFO = YES;
				ONLY_ACTIVE_ARCH = YES;
				SDKROOT = iphoneos;
				SWIFT_OPTIMIZATION_LEVEL = "-Onone";
			};
			name = Debug;
		};
		AAD406FD1D5C6EFA009D18D5 /* Release */ = {
			isa = XCBuildConfiguration;
			buildSettings = {
				ALWAYS_SEARCH_USER_PATHS = NO;
				CLANG_ANALYZER_NONNULL = YES;
				CLANG_CXX_LANGUAGE_STANDARD = "gnu++0x";
				CLANG_CXX_LIBRARY = "libc++";
				CLANG_ENABLE_MODULES = YES;
				CLANG_ENABLE_OBJC_ARC = YES;
				CLANG_WARN_BOOL_CONVERSION = YES;
				CLANG_WARN_CONSTANT_CONVERSION = YES;
				CLANG_WARN_DIRECT_OBJC_ISA_USAGE = YES_ERROR;
				CLANG_WARN_EMPTY_BODY = YES;
				CLANG_WARN_ENUM_CONVERSION = YES;
				CLANG_WARN_INFINITE_RECURSION = YES;
				CLANG_WARN_INT_CONVERSION = YES;
				CLANG_WARN_OBJC_ROOT_CLASS = YES_ERROR;
				CLANG_WARN_SUSPICIOUS_MOVE = YES;
				CLANG_WARN_UNREACHABLE_CODE = YES;
				CLANG_WARN__DUPLICATE_METHOD_MATCH = YES;
				"CODE_SIGN_IDENTITY[sdk=iphoneos*]" = "iPhone Developer";
				COPY_PHASE_STRIP = NO;
				DEBUG_INFORMATION_FORMAT = "dwarf-with-dsym";
				ENABLE_NS_ASSERTIONS = NO;
				ENABLE_STRICT_OBJC_MSGSEND = YES;
				GCC_C_LANGUAGE_STANDARD = gnu99;
				GCC_NO_COMMON_BLOCKS = YES;
				GCC_WARN_64_TO_32_BIT_CONVERSION = YES;
				GCC_WARN_ABOUT_RETURN_TYPE = YES_ERROR;
				GCC_WARN_UNDECLARED_SELECTOR = YES;
				GCC_WARN_UNINITIALIZED_AUTOS = YES_AGGRESSIVE;
				GCC_WARN_UNUSED_FUNCTION = YES;
				GCC_WARN_UNUSED_VARIABLE = YES;
				IPHONEOS_DEPLOYMENT_TARGET = 9.3;
				MTL_ENABLE_DEBUG_INFO = NO;
				SDKROOT = iphoneos;
				SWIFT_OPTIMIZATION_LEVEL = "-Owholemodule";
				VALIDATE_PRODUCT = YES;
			};
			name = Release;
		};
		AAD406FF1D5C6EFA009D18D5 /* Debug */ = {
			isa = XCBuildConfiguration;
			baseConfigurationReference = 79E68A5429B31F61C8DF525B /* Pods-Housing.debug.xcconfig */;
			buildSettings = {
				ASSETCATALOG_COMPILER_APPICON_NAME = AppIcon;
				CLANG_ALLOW_NON_MODULAR_INCLUDES_IN_FRAMEWORK_MODULES = NO;
				CLANG_ENABLE_MODULES = YES;
				CODE_SIGN_IDENTITY = "iPhone Developer";
				DEFINES_MODULE = YES;
				INFOPLIST_FILE = Housing/Info.plist;
				IPHONEOS_DEPLOYMENT_TARGET = 9.0;
				LD_RUNPATH_SEARCH_PATHS = "$(inherited) @executable_path/Frameworks";
				PRODUCT_BUNDLE_IDENTIFIER = Housing.Housing;
				PRODUCT_MODULE_NAME = "$(PRODUCT_NAME:c99extidentifier)";
				PRODUCT_NAME = "$(TARGET_NAME)";
				SWIFT_OBJC_BRIDGING_HEADER = "Housing/Housing-Bridging-Header.h";
				SWIFT_OPTIMIZATION_LEVEL = "-Onone";
				SWIFT_VERSION = 3.0;
			};
			name = Debug;
		};
		AAD407001D5C6EFA009D18D5 /* Release */ = {
			isa = XCBuildConfiguration;
			baseConfigurationReference = 83141BFB173305AB063B4E7E /* Pods-Housing.release.xcconfig */;
			buildSettings = {
				ASSETCATALOG_COMPILER_APPICON_NAME = AppIcon;
				CLANG_ALLOW_NON_MODULAR_INCLUDES_IN_FRAMEWORK_MODULES = NO;
				CLANG_ENABLE_MODULES = YES;
				CODE_SIGN_IDENTITY = "iPhone Developer";
				DEFINES_MODULE = YES;
				INFOPLIST_FILE = Housing/Info.plist;
				IPHONEOS_DEPLOYMENT_TARGET = 9.0;
				LD_RUNPATH_SEARCH_PATHS = "$(inherited) @executable_path/Frameworks";
				PRODUCT_BUNDLE_IDENTIFIER = Housing.Housing;
				PRODUCT_MODULE_NAME = "$(PRODUCT_NAME:c99extidentifier)";
				PRODUCT_NAME = "$(TARGET_NAME)";
				SWIFT_OBJC_BRIDGING_HEADER = "Housing/Housing-Bridging-Header.h";
				SWIFT_VERSION = 3.0;
			};
			name = Release;
		};
/* End XCBuildConfiguration section */

/* Begin XCConfigurationList section */
		AAD406E71D5C6EFA009D18D5 /* Build configuration list for PBXProject "Housing" */ = {
			isa = XCConfigurationList;
			buildConfigurations = (
				AAD406FC1D5C6EFA009D18D5 /* Debug */,
				AAD406FD1D5C6EFA009D18D5 /* Release */,
			);
			defaultConfigurationIsVisible = 0;
			defaultConfigurationName = Release;
		};
		AAD406FE1D5C6EFA009D18D5 /* Build configuration list for PBXNativeTarget "Housing" */ = {
			isa = XCConfigurationList;
			buildConfigurations = (
				AAD406FF1D5C6EFA009D18D5 /* Debug */,
				AAD407001D5C6EFA009D18D5 /* Release */,
			);
			defaultConfigurationIsVisible = 0;
			defaultConfigurationName = Release;
		};
/* End XCConfigurationList section */
	};
	rootObject = AAD406E41D5C6EFA009D18D5 /* Project object */;
}
